extra a52dec 0.8.0-3.0 a52dec-0.8.0-3.0-i686.pkg.tar.zst 2477553f90394a35e7c4fd80affbcbfecfa8dbda8791dd1a4fbac424f8cc4054
core acl 2.4.0-1.0 acl-2.4.0-1.0-i686.pkg.tar.zst 77155db4e9d3415eb6b63c2658fb9cea7aefe9183011e6cecc7814c912c1c603
extra adwaita-cursors 50.0-1.0 adwaita-cursors-50.0-1.0-any.pkg.tar.zst 3ce33c91f5044aa0342b988477e5c850949102285b86bc69b22efff87a53015c
extra adwaita-fonts 51.0-2.0 adwaita-fonts-51.0-2.0-any.pkg.tar.zst 1b42b7d2b0eab7274959aafe359ea3acf216fe9cd97bb897c143200639027477
extra adwaita-icon-theme 50.0-1.0 adwaita-icon-theme-50.0-1.0-any.pkg.tar.zst c5b4228e3261663ba213a6f521827dd6ceb6dc57cd36861e223a59e1b525b0a5
extra adwaita-icon-theme-legacy 46.2-3.0 adwaita-icon-theme-legacy-46.2-3.0-any.pkg.tar.zst 8cf29ab7a8e11e98675a4ef310c40c78f5bfe487138df5c1807df4d22bbdb44f
extra alsa-lib 1.2.16.1-1.0 alsa-lib-1.2.16.1-1.0-i686.pkg.tar.zst 89003b90f497df96eb2c7f3ff1682e267fa7fe4c02fe82858e4290d6c5e7220d
extra alsa-topology-conf 1.2.5.1-4.0 alsa-topology-conf-1.2.5.1-4.0-any.pkg.tar.zst 4c0031c48a6f8a4b3ddc626f24855201e5f881050ee44163274461c562a3fa91
extra alsa-ucm-conf 1.2.16.1-1.0 alsa-ucm-conf-1.2.16.1-1.0-any.pkg.tar.zst 13024cd99f5c67f355968019f3c42264e9023e8a279be2660d14468555c40bdf
extra argon2 20190702-7.0 argon2-20190702-7.0-i686.pkg.tar.zst d6e6ec8bf0e9fad3d1d06fb545c0eeef00e9023b908e0dd02a1d6c5913ec1fd8
extra at-spi2-core 2.54.0-2.0 at-spi2-core-2.54.0-2.0-i686.pkg.tar.zst ab24fac815d48a0dc683e3511410fa1689eaec03f46a8ad03787b93c9b72e91e
core attr 2.6.0-1.0 attr-2.6.0-1.0-i686.pkg.tar.zst 11b9cd74f9dbd2ce40f94397c0c3e49a605dab6c68e2f6f8763060ddffc8962a
core audit 3.0.9-2.0 audit-3.0.9-2.0-i686.pkg.tar.zst 64dd331ae4e4eb7f14398951da71a16eff5d5ee8f70744131c79792e772bfd9c
core autoconf 2.73-1.0 autoconf-2.73-1.0-any.pkg.tar.zst f776e26b86b63163d655930b4302ff61233589c502b10347408139cae2b92524
core automake 1.18.1-1.1 automake-1.18.1-1.1-any.pkg.tar.zst aa9bc2e17cc6e7850462e34eea512a4c3dbb41950435d8f4f7ad24074f8dbb2a
extra avahi 0.8+22+gfd482a7-3.2 avahi-0.8+22+gfd482a7-3.2-i686.pkg.tar.zst f5593997272202bfa4dc978983e66026646c79ce63c08534222ae33d22508731
core bash 5.3.9-1.1 bash-5.3.9-1.1-i686.pkg.tar.zst 8ff7830c5fe703e912eb0fc5ba2c090ff07b891898ad0737c56c7816706c7a1c
core binutils 2.46-1.5 binutils-2.46-1.5-i686.pkg.tar.zst a495f4dd4702fed97034c199df86cb16f8b9520fd7e2c2a03b886754c7cf76b4
core bison 3.8.2-8.2 bison-3.8.2-8.2-i686.pkg.tar.zst 2bf359b22bea2f3ce5122b5118b5c8fbfbc7850e04fb1dcf76fa2eea2146c5dc
core brotli 1.1.0-1.0 brotli-1.1.0-1.0-i686.pkg.tar.zst f4be75194acd92a9f9450a7c265872b54a0c64a69b469407698af24fb38a738f
core bzip2 1.0.8-6.3 bzip2-1.0.8-6.3-i686.pkg.tar.zst 6e6e5b82d844f12bccb0c58d4fedde076d5b19fa1fc9e018f0fab03304b5cdf3
core ca-certificates 20240618-1.0 ca-certificates-20240618-1.0-any.pkg.tar.zst 72dd0e45fe4b4d24e94c43595be61e6c8739128787ae06c1f6d5ed00c4f43280
core ca-certificates-mozilla 3.107-1.0 ca-certificates-mozilla-3.107-1.0-i686.pkg.tar.zst a69026caf02c4d313d2b724e4d12492e72d4a73663f1fc71867daa8eba57b4f9
core ca-certificates-utils 20240618-1.0 ca-certificates-utils-20240618-1.0-any.pkg.tar.zst 6f9242cbe0ae5a41d537ef8e321d1f8517418b354ddc8e07c3cf2897ce2a3280
extra cairo 1.18.4-1.0 cairo-1.18.4-1.0-i686.pkg.tar.zst 255fee1e4d8eb056cdb310e7e107e47675585d20666461b14d118de8dfd84801
extra cantarell-fonts 1:0.303.1-2.0 cantarell-fonts-1:0.303.1-2.0-any.pkg.tar.zst a129966e3568997fdc82ba7331b71eb0b369fb4f8af983e30a7d7aed7b14a389
extra ccache 4.7.4-2.0 ccache-4.7.4-2.0-i686.pkg.tar.zst 40c7f77a4f6c8f6dd64446059c604e5187ee4421b6d018c9e4e9ff8961faea8e
extra cmake 3.25.1-1.0 cmake-3.25.1-1.0-i686.pkg.tar.zst c6f120b5898d96862724b573204d54a3df50bb9ffddb1f0ff8a47f764a9dbc00
core coreutils 9.11-2.0 coreutils-9.11-2.0-i686.pkg.tar.zst 8754c113d7e886e9795fbfe60e39c75bb0184729b33ae591f0d245cbbc529fe2
core cryptsetup 2.7.2-1.1 cryptsetup-2.7.2-1.1-i686.pkg.tar.zst 4cdbd1e72bf900bb1b5a66d1638f51bec1323c6e77a62fa27e9ca1482cd0fdcb
core curl 8.22.0-1.1 curl-8.22.0-1.1-i686.pkg.tar.zst 3556a67de75be7031e874ef4a9ec91909142964fd783ea27579ede58fd941b15
core db5.3 5.3.28-7.1 db5.3-5.3.28-7.1-i686.pkg.tar.zst 2e748253c4bfbfd6b9429ced65c896d0dce278ede41c2d5e4fec72af6e9d8333
core dbus 1.14.10-2.1 dbus-1.14.10-2.1-i686.pkg.tar.zst fe1e491ea1411d823ef0733d442cc68781aa6c03399ca9704e835846316bbea3
core dbus-broker 36-1.0 dbus-broker-36-1.0-i686.pkg.tar.zst f042684e87118e20085238752e54e4835f4116c0bc1528561ca11d46d2e8f2dd
core dbus-broker-units 36-1.0 dbus-broker-units-36-1.0-i686.pkg.tar.zst 9402c7f69929bddf8b0ebfa66c57219ee59878d7f1774b91efcfdfa16374199c
extra dconf 0.49.0-1.0 dconf-0.49.0-1.0-i686.pkg.tar.zst 02cda3d2b2535b35be1b6f3039ae2c72b22f9e644c00071083ba62dd0be05067
extra default-cursors 3-1.0 default-cursors-3-1.0-any.pkg.tar.zst d2795a1daee6f109c1f546dd895a39bd82ac38df1d3a3617432b649233555c10
extra desktop-file-utils 0.28-1.0 desktop-file-utils-0.28-1.0-i686.pkg.tar.zst aa84785588752d5b6e2e3f664d3ead0ebc72d70cf10cc80878801edf08a702bb
core device-mapper 2.03.39-1.0 device-mapper-2.03.39-1.0-i686.pkg.tar.zst 5d84a44595edab45a54cc0cd0632bc664ec296a7d34081a432b1b6aeaf14fb5e
core diffutils 3.12-2.0 diffutils-3.12-2.0-i686.pkg.tar.zst 391eee44335ddd8c08436c73935bd1d085533d030155a45486fa48120bbc4be9
core dosfstools 4.2-5.0 dosfstools-4.2-5.0-i686.pkg.tar.zst 81752759b302f887d0452314cd2c695bae52e2b8b55ae2f284f0605b938eb629
extra duktape 2.7.0-7.0 duktape-2.7.0-7.0-i686.pkg.tar.zst 52d4e1e3d0c718d266bf566e049cc1106ee462835d62542fdba3da2fbb1947bd
core e2fsprogs 1.47.2-1.0 e2fsprogs-1.47.2-1.0-i686.pkg.tar.zst 6b6662ed9bf19ac6a8c237ac5089221c22b9e882d45f425169fd6f612568dce0
core expat 2.8.5-1.0 expat-2.8.5-1.0-i686.pkg.tar.zst 8658f2a6f473dbfeb4ad1ae22af5215aebb5e3ae9e9c1e438e0b676320073064
extra faad2 2.11.3-1.0 faad2-2.11.3-1.0-i686.pkg.tar.zst 6c08aea35f7d93445acb8ca1a4ca26a9841c95c68b8e484dac94e91828ac5b54
extra fcft 3.1.7-1.0 fcft-3.1.7-1.0-i686.pkg.tar.zst 58a1d6dd6457969f8031cf7efefe97c739ce332a89b2822036abdc78965b0378
core file 5.47-1.0 file-5.47-1.0-i686.pkg.tar.zst 424e638b11e487d6c1bff6faf6930ab204fe0ac4632cf99887772e18b89f3340
core filesystem 2025.10.12-1.0 filesystem-2025.10.12-1.0-any.pkg.tar.zst 704e0809cc193717ad50ae2ffe42e6681f95e6867b0a7abde0855f6f79784e50
core findutils 4.11.0-1.0 findutils-4.11.0-1.0-i686.pkg.tar.zst 5dd36fb2f8f7c4c36297b1c8569ebbf0617e1afbbf3cfcc0fc9133d4660fd4e2
extra flac 1.4.3-2.0 flac-1.4.3-2.0-i686.pkg.tar.zst e88ddf1f4837d082a564cb0c745def6d8b52097da0362847651d3b8cf7b65a7d
extra fontconfig 2:2.14.1-2.0 fontconfig-2:2.14.1-2.0-i686.pkg.tar.zst ec930fcb25414fc2d6c0190080baa478dff0fa2064b29f0f9fef90153c2c7998
extra freetype2 2.13.3-1.0 freetype2-2.13.3-1.0-i686.pkg.tar.zst 33245e89f18171e4bcbf6f5323899fa5ed7146b48a2a4dfa07d399fb72c9365c
extra fribidi 1.0.17-1.0 fribidi-1.0.17-1.0-i686.pkg.tar.zst def4a5aaed49e2efc887c2005ab3051b633e3c4d03b6446c060fe76d02128689
core gawk 5.4.1-1.0 gawk-5.4.1-1.0-i686.pkg.tar.zst 78fb6a3aa0865ac6039fe44e9ce7a8bb04d1bcb39283b0d14280e663732b1dde
core gc 8.2.12-1.0 gc-8.2.12-1.0-i686.pkg.tar.zst 35717c43228be3a3e22efea42e65633c6dcb8fb8571fb49a78b9b28cc4f090df
core gcc 15.2.1+r604+g0b99615a8aef-1.1 gcc-15.2.1+r604+g0b99615a8aef-1.1-i686.pkg.tar.zst 20e8dc9c825bbb40f005dcb9b25d5339d42e2640e087ad8f685e72e0d833361f
core gcc-libs 15.2.1+r604+g0b99615a8aef-1.1 gcc-libs-15.2.1+r604+g0b99615a8aef-1.1-i686.pkg.tar.zst 9a0842c4595aa55ebfdc896fc899736eefe7a337d6e0582e700c38bc56432fd7
core gdbm 1.23-1.0 gdbm-1.23-1.0-i686.pkg.tar.zst 5a282fa74572004799b70c9a32acec7822387f43be617a6fdd884c1459a41375
extra gdk-pixbuf2 2.42.12-2.0 gdk-pixbuf2-2.42.12-2.0-i686.pkg.tar.zst 47de4f2bcf9db880842591128cbb020baa88aa22e8c5753bdf1b6748981c11b9
core gettext 1.0-2.0 gettext-1.0-2.0-i686.pkg.tar.zst 5e08aa88ca45af7b988397d733e3df51105911df5aba50b49c7c3a583cd9dd02
extra giflib 6.1.3-2.0 giflib-6.1.3-2.0-i686.pkg.tar.zst ffecf623508225820113a82852df52e6dd22779a99de0729a11ca0a4e55164fe
extra glib-networking 1:2.80.1-1.0 glib-networking-1:2.80.1-1.0-i686.pkg.tar.zst 36dd62944163ebe1887779f29c457827ded9d99ae2c53c7959c931a5ca17763b
core glib2 2.80.0-2.0 glib2-2.80.0-2.0-i686.pkg.tar.zst 4b45e426334c08774773925966ab412929db9ce4c5e470aa744f6c8dafb7e9c6
core glibc 2.44+r24+g16be1518495f-1.0 glibc-2.44+r24+g16be1518495f-1.0-i686.pkg.tar.zst a27a0aaf4d69bdb7fa4fa8349baefb52b835f54a707946a3145aeeffceb69ce4
core gmp 6.3.0-3.0 gmp-6.3.0-3.0-i686.pkg.tar.zst fecbd85899aa8d4f8ecba8fed33f35a7cfb700a80f5a2e4deeec868fee4a2fc6
core gnulib-l10n 20241231-1.0 gnulib-l10n-20241231-1.0-any.pkg.tar.zst f059ac916c482f387bfa0a6874b1f783ee0dccb814ef471c723a89e6c4c0afe6
core gnutls 3.8.13-3.0 gnutls-3.8.13-3.0-i686.pkg.tar.zst a199d1fc09b2f9fbc464fe2fa8e2ac7f4de7b94abc19ccd8f058a1e0d37f0f7a
extra gperf 3.3-1.0 gperf-3.3-1.0-i686.pkg.tar.zst 9cf8082175eeb8a2b426228862c445c235642124e13ff7ece384da269b8827be
extra graphite 1:1.3.14-4.0 graphite-1:1.3.14-4.0-i686.pkg.tar.zst d29f7878ae3274f08a2116b1d60e95f599db4cfad34cec8af34e55fc75c6b3cf
core grep 3.12-2.1 grep-3.12-2.1-i686.pkg.tar.zst 954269701f522905697466fa333ea47e493e377f4e40b337c8c536a0c01efe1e
core grub 2:2.12-3.0 grub-2:2.12-3.0-i686.pkg.tar.zst cf9fdd1e37f3d1b1cb252988fed2c2aeeda408d665dbdded46dc4fd3ac10b558
extra gsettings-desktop-schemas 50.1-1.0 gsettings-desktop-schemas-50.1-1.0-any.pkg.tar.zst ba61c8098b7d00eda12ed1bfbb72b13cd9f37533524231e18396a83690843586
extra gsettings-system-schemas 50.1-1.0 gsettings-system-schemas-50.1-1.0-any.pkg.tar.zst 4aaae8515dd478f23c5bccaed50c2763aae96c9d92cbdf2535c94076d53e6191
extra gtk-update-icon-cache 1:4.16.7-1.0 gtk-update-icon-cache-1:4.16.7-1.0-i686.pkg.tar.zst 72d7a01948ef5a958ea4564024c6ad296d6989bbb6e33a7294700b3e7a30368c
extra gtk3 1:3.24.43-2.0 gtk3-1:3.24.43-2.0-i686.pkg.tar.zst 5c140b65a2fcc4e62c04d77d4b1a91e82f8f9d943ef2790a438c35450519ddf3
core guile 3.0.11-1.0 guile-3.0.11-1.0-i686.pkg.tar.zst 96e3bd3a589523ba0cfce65b40b5479e38b43bf717f032333ee86561563e65d5
core gzip 1.15-1.0 gzip-1.15-1.0-i686.pkg.tar.zst 66e36d2990d014fc13eb895963c39cd8c0f47b03446a1b8e78909e96696bef43
extra harfbuzz 7.1.0-1.0 harfbuzz-7.1.0-1.0-i686.pkg.tar.zst ceed36aaa81fe27577c52ea70f672860e56db5ceaeaefa6f2151b9e4c103547f
extra hicolor-icon-theme 0.18-1.0 hicolor-icon-theme-0.18-1.0-any.pkg.tar.zst b54be406b7784dae8220267f14c879da766d5d41090ea5d11c581a88b17dfe1b
extra hiredis 1.2.0-3.0 hiredis-1.2.0-3.0-i686.pkg.tar.zst 0a688fb4d1d97d6465efa2c1f3a94b761338e67fc484b2518dfe67864898a948
core hwdata 0.411-1.0 hwdata-0.411-1.0-any.pkg.tar.zst a481f36f0ff918a63ebddb93207471c31d322b92bf0ba72d7fc177e06ac296ab
core iana-etc 20260617-1.0 iana-etc-20260617-1.0-any.pkg.tar.zst e9c97fc00667649144ded7893588fc7fbf9e99fb577fb039279dbe3ea3a9bfdb
core icu 78.3-1.0 icu-78.3-1.0-i686.pkg.tar.zst 0ae5fa15bc254c38b0b69b34fb725fd5120d48952898c6d04f9a93d1b26deee8
extra iso-codes 4.20.1-1.0 iso-codes-4.20.1-1.0-any.pkg.tar.zst dfbd07e3c4747b2a58e4e3fd881031f0d6db3344b489bfbb72ab0f11fe7aff05
core jansson 2.15.1-1.0 jansson-2.15.1-1.0-i686.pkg.tar.zst 44f7505ddf0c2cc0b9be78fdfb5bb03eceee4f8b84bd57006862a30d1c109b3b
core json-c 0.19-1.0 json-c-0.19-1.0-i686.pkg.tar.zst ecf2ef82f7e7ffefa9fe85ce0cfe97d8009d4d7410cb248bf6994256131e9ec4
extra json-glib 1.10.8-1.0 json-glib-1.10.8-1.0-i686.pkg.tar.zst 51eab4a4bb06c4cea702ae817305385422e6afe3125b90428dec26d0509e1d8c
extra jsoncpp 1.9.5-2.0 jsoncpp-1.9.5-2.0-i686.pkg.tar.zst 3fe12a91859c77f454fd859f3f15273cbbc3eb57a243e6662b0ee2e56201a131
core kbd 2.10.0-1.0 kbd-2.10.0-1.0-i686.pkg.tar.zst e0b4649e2e70862ce63967280d7bd2f4fe530d1f2266a51b2ff453ff4155f3a8
core keyutils 1.6.3-4.0 keyutils-1.6.3-4.0-i686.pkg.tar.zst 86579b80c4fe08d47d773c2f795080a03f299a9d8e3e02e0db87f15b70ae4115
core kmod 34.2-1.1 kmod-34.2-1.1-i686.pkg.tar.zst d8c64cae46d408f174deaf4546718d007aa0a1951d867a0485878fb47f0a9d5c
core krb5 1.20.1-1.0 krb5-1.20.1-1.0-i686.pkg.tar.zst 327c9735375bd246e7c4889cfb002a25d69391c56d960528260e09445e10a861
extra lame 3.101.r6531-1.0 lame-3.101.r6531-1.0-i686.pkg.tar.zst fbe88f01db385d3dd8afffe7b0e6e9e1a826de38ec6e3714a9ace91d60f26b84
extra lcms2 2.19.1-1.0 lcms2-2.19.1-1.0-i686.pkg.tar.zst fc1c0d08b74421711e834f96cedfac78dab0ed929efa44deb71de880de07b047
core leancrypto 1.9.0-1.0 leancrypto-1.9.0-1.0-i686.pkg.tar.zst f121b4e4fcc39f03d65e8d0cd1684101224cc753d060c28c57a912c129c0b8d2
core libarchive 3.8.1-1.1 libarchive-3.8.1-1.1-i686.pkg.tar.zst 0f2356241bea87104c88c8b8aed37e089e09c4494bd1754bfe7e04c4ea0436e8
core libasan 15.2.1+r604+g0b99615a8aef-1.1 libasan-15.2.1+r604+g0b99615a8aef-1.1-i686.pkg.tar.zst 1368c9bdf6e31e6f7eea9d4ab494c6f60ad835d05ce5b339d0c7396826c668a2
core libatomic 15.2.1+r604+g0b99615a8aef-1.1 libatomic-15.2.1+r604+g0b99615a8aef-1.1-i686.pkg.tar.zst a9cc5949581276d83fd832c2ebc612aeb54b931408d4ffd281e3a4cb00a41e7b
extra libcamera 0.0.4-1.3 libcamera-0.0.4-1.3-i686.pkg.tar.zst 154a84c194b39676e60c969defe0c6054fd297ea6ed4ad4dea5f60ae1b9b9428
core libcap 2.78-1.0 libcap-2.78-1.0-i686.pkg.tar.zst 5b80e8ead97bc0f2617d449d7303334131e9f03c588c1f80e2925cdc9fb97180
core libcap-ng 0.8.5-1.0 libcap-ng-0.8.5-1.0-i686.pkg.tar.zst 932b49ab8bc7874742a0b695e53d0f3d5b0bd87e055a63b894b713aa6314334a
extra libcloudproviders 0.4.1-1.0 libcloudproviders-0.4.1-1.0-i686.pkg.tar.zst dc8f0d69622ad1436357b17d44b3c36a5d71a29536166b0f6daad80f936e1bdb
extra libcolord 1.4.8-1.0 libcolord-1.4.8-1.0-i686.pkg.tar.zst affdc4b332d004b537983a60a8bd114042c5bbdfb4987e316f05d857ba2de47f
extra libcups 2:2.4.17-1.0 libcups-2:2.4.17-1.0-i686.pkg.tar.zst 8fba7081d3519d6b3d0666fc7ee293d0131e60dbc831699402c5d4be7f887cf4
extra libdaemon 0.14-6.0 libdaemon-0.14-6.0-i686.pkg.tar.zst fea7d473505d5bed22a9143d53030012eb0d44a9098c95459d55f41c03a66b18
extra libdatrie 0.2.14-1.0 libdatrie-0.2.14-1.0-i686.pkg.tar.zst 71ce2f6e0081b0659fc0ac7ea7076e29a6a77df559cc264e21dae927189ea941
extra libdrm 2.4.134-1.0 libdrm-2.4.134-1.0-i686.pkg.tar.zst 024ffe2f9a44bfb3319c213d2e03372b0f950668a8db048be44c6ee9970f303a
core libelf 0.188-1.0 libelf-0.188-1.0-i686.pkg.tar.zst 6f8d366217b039e9f349b7baee83c51690a4f999db49388b0efb82e5826ba9a6
extra libepoxy 1.5.10-3.0 libepoxy-1.5.10-3.0-i686.pkg.tar.zst 17b3513bbb672fb39bd34d186b934717273148ec0b7b14db37245c214d8f1237
extra libevdev 1.13.7-1.0 libevdev-1.13.7-1.0-i686.pkg.tar.zst 69fd33934ed390f07b68d98692fd35bbfe0725ff30710f15fec967706c604d3e
core libevent 2.1.13-2.0 libevent-2.1.13-2.0-i686.pkg.tar.zst 918a545b4bf9ae51c2fbd62a9379d23f64b0b3424ab9da347a41e1dd5247da14
core libffi 3.8.0-1.0 libffi-3.8.0-1.0-i686.pkg.tar.zst 7331ceb6fab87ffab74bbd7bc7dc4193608bc981003df4c81def3f7b1c95635c
core libgcc 15.2.1+r604+g0b99615a8aef-1.1 libgcc-15.2.1+r604+g0b99615a8aef-1.1-i686.pkg.tar.zst 480a94a14a5548e908423629bd01302ac629f842a8258c4aa11f37087e4f9440
core libgcrypt 1.12.4-1.0 libgcrypt-1.12.4-1.0-i686.pkg.tar.zst ab30e5dd4540d15c38eda175d2e971afb8af14be88f1bf01c80ecbd1bd53ef93
core libgfortran 15.2.1+r604+g0b99615a8aef-1.1 libgfortran-15.2.1+r604+g0b99615a8aef-1.1-i686.pkg.tar.zst 9ce1aedf6944ad2d739949bb59771caf6bda66355191d449dd0215e580411054
extra libglvnd 1.7.0-3.0 libglvnd-1.7.0-3.0-i686.pkg.tar.zst 6548fa5c2fca069148305c8b88d43bb6a396ee8861eb52448080bea5a00188a2
core libgomp 15.2.1+r604+g0b99615a8aef-1.1 libgomp-15.2.1+r604+g0b99615a8aef-1.1-i686.pkg.tar.zst b164d584a4f286535bafdbbc1018a7088be1a0cd323eea19aa9ed74156eefefb
core libgpg-error 1.61-1.0 libgpg-error-1.61-1.0-i686.pkg.tar.zst 9e44876a9b130e2c8201d2e0c29bcbe50596a8820508b3758f4120f3b91df478
extra libgudev 237-2.0 libgudev-237-2.0-i686.pkg.tar.zst 5da1f08221c1ef3ac8eb8730a83ebce96d1caa2546a89f085dc891092b2f3671
core libidn2 2.3.4-3.1 libidn2-2.3.4-3.1-i686.pkg.tar.zst 7a54a497d135cd56fe38c1acf5bce0e9a3e9feb20bd22ed322e1638c9bd9bba1
extra libinput 1.32.0-1.0 libinput-1.32.0-1.0-i686.pkg.tar.zst c68cea8324d8873f026bee6d35eabf02bcebc53bdc9acd5df00f1c9a9ded7453
core libisl 0.28-1.0 libisl-0.28-1.0-i686.pkg.tar.zst 1126281fccdda4b9aad3f454858b419c513730ae2caf894951aa22caafbc0b9a
extra libjpeg-turbo 3.1.4.1-1.0 libjpeg-turbo-3.1.4.1-1.0-i686.pkg.tar.zst c01a69037a8149e56a8e8da72148b40729967385bed6d81fad47304227a22aee
core libldap 2.6.6-1.0 libldap-2.6.6-1.0-i686.pkg.tar.zst 2086c27af3682d4a589232a46f0b53d5f35cd98e7b5b0da22d5deeb97861c402
core liblsan 15.2.1+r604+g0b99615a8aef-1.1 liblsan-15.2.1+r604+g0b99615a8aef-1.1-i686.pkg.tar.zst 249429cac122571639c162c9f2eb1971bb603b8671ecd0092bc2bcac9adf2b18
extra libmad 0.15.1b-10.0 libmad-0.15.1b-10.0-i686.pkg.tar.zst 1a7dffe137838189213f7e3463abd1c79ed72647d9641c83573ca506b0b24816
extra libmikmod 3.3.14-1.0 libmikmod-3.3.14-1.0-i686.pkg.tar.zst adbdf0c9ce0ba7309d74025fed865cd876eb301ab8e41ab5195c6559c3fe2b7c
core libmpc 1.4.1-1.0 libmpc-1.4.1-1.0-i686.pkg.tar.zst 89b34a2d046b2d72543cac8254f14c5e04f02476471cf9a14b34bbfd4426bf4d
extra libmpeg2 0.5.1-11.0 libmpeg2-0.5.1-11.0-i686.pkg.tar.zst 1dbe8c184fa39c6529607230bf92483ef38149def6cb193cbd5087900ec16e16
core libnghttp2 1.70.0-1.0 libnghttp2-1.70.0-1.0-i686.pkg.tar.zst 3ad04bd1989936929d375cdbe38b815de57e1780caf4e5a15e7bf8e9cf5419a2
core libnghttp3 1.18.0-1.0 libnghttp3-1.18.0-1.0-i686.pkg.tar.zst 2db1ca7031dc68957b1e6d5e9d4f69d62e968833643519355b15924fc354a2a6
core libngtcp2 1.25.0-1.0 libngtcp2-1.25.0-1.0-i686.pkg.tar.zst 0eea0d5a418bcb377a5f8389bc425672cc7e871c906e1fcf23bdd6c80b3f2f9c
core libnsl 2.0.1-2.0 libnsl-2.0.1-2.0-i686.pkg.tar.zst 2e908ff57ff2b5c8b9688255fbadbe4b01fb9595b911a7fe8397b0286b9bede6
core libobjc 15.2.1+r604+g0b99615a8aef-1.1 libobjc-15.2.1+r604+g0b99615a8aef-1.1-i686.pkg.tar.zst 74f1a40f6ce9992e05706202d95010ea5d5107f61ac47b0584c8bdb2dc444da8
extra libogg 1.3.6-1.0 libogg-1.3.6-1.0-i686.pkg.tar.zst 3c5bcdf73caa756da8d24d5247a12b0ca563fe9fe87e384f0dc133922663a4c7
extra libomxil-bellagio 0.9.3-5.0 libomxil-bellagio-0.9.3-5.0-i686.pkg.tar.zst c74250634e7bbd40bc3fcbabef53d142c2330a7040d9bf7f6fc2c86bbc904a63
core libp11-kit 0.26.5-1.0 libp11-kit-0.26.5-1.0-i686.pkg.tar.zst 270054cfd2b2ea96291bc00632db226e7a3080e5baca7bb7ee9ae2a0df56fe2f
extra libpciaccess 0.19-1.0 libpciaccess-0.19-1.0-i686.pkg.tar.zst cafaef69ac95b87f93c32e93ad57e75d737496a2304a32ff5ba9d53ea58949fe
extra libpng 1.6.58-2.0 libpng-1.6.58-2.0-i686.pkg.tar.zst 6d3984c9e96c4a8eebc785bbe218b1b4add15934def443e71abe78d4b7ab3df1
extra libproxy 0.5.12-1.0 libproxy-0.5.12-1.0-i686.pkg.tar.zst bb415d20ea55cf32e3760f6a728ebb0c2610646c5254a7f550952420d104b868
core libpsl 0.21.2-1.0 libpsl-0.21.2-1.0-i686.pkg.tar.zst 75152f6c4a64833ed95ab809357ae2cd7a777722b5aa731d615f254a91623449
core libquadmath 15.2.1+r604+g0b99615a8aef-1.1 libquadmath-15.2.1+r604+g0b99615a8aef-1.1-i686.pkg.tar.zst dc60b63c3cb5bae4aa13a27463d6ee1033e89a2eed93c3308b903d9d216c7fdd
extra librsvg 2:2.58.3-1.0 librsvg-2:2.58.3-1.0-i686.pkg.tar.zst 25c9b28f3fd30e43371e54fd9ab005c68d48f488f1c1563dff5433aea93918d1
core libsasl 2.1.28-3.0 libsasl-2.1.28-3.0-i686.pkg.tar.zst b9c806c80a47181d8c4df28150adab6be72a02de963247deba4381ba863e5c84
core libseccomp 2.5.5-2.0 libseccomp-2.5.5-2.0-i686.pkg.tar.zst 60c0301af9a441f233b74ad7cd04cdac03fe23c7ab489c0622baa3c4de7c8a42
extra libslirp 4.9.5-1.0 libslirp-4.9.5-1.0-i686.pkg.tar.zst 2164c7f60e5f77de654a8f12edcd98293b72467622710878fa46e2d5c50ca192
extra libsndfile 1.2.0-1.0 libsndfile-1.2.0-1.0-i686.pkg.tar.zst c4b075c57914b8c7ae6c97204672bef8db73fe03e3489e7df7529411968a5c2e
extra libsoup3 3.2.2-1.0 libsoup3-3.2.2-1.0-i686.pkg.tar.zst e6a2e141ef5c0a8d1b85f7c76c1832266b20b984c21ad9c350178a86ff75ad44
core libssh2 1.11.1-7.0 libssh2-1.11.1-7.0-i686.pkg.tar.zst c48242879d2951516fd5088d415f83fec10553dd8c3d3e02d87ff399945b85c8
core libstdc++ 15.2.1+r604+g0b99615a8aef-1.1 libstdc++-15.2.1+r604+g0b99615a8aef-1.1-i686.pkg.tar.zst a53dabe5519d40980b9a092103e3187d7b4f916fae48bf8a3d8aef8a16609626
extra libstemmer 3.1.1-1.0 libstemmer-3.1.1-1.0-i686.pkg.tar.zst 362804bea6200ea47f40657a536e98de34cf7c038add46bb9ddec0b281f9fad2
extra libsysprof-capture 3.48.0-4.0 libsysprof-capture-3.48.0-4.0-i686.pkg.tar.zst c246d40d4e46333ff3855abcc7cef5dde6d08548b9df3680b17fa696374e75e4
core libtasn1 4.21.0-1.0 libtasn1-4.21.0-1.0-i686.pkg.tar.zst 7036d41c2dc3f9bc828530de0b1546e57620737e309ea9e55f1903e348c8af25
extra libthai 0.1.30-1.0 libthai-0.1.30-1.0-i686.pkg.tar.zst 611f39dd147f1346a2fc6ae95e23552516baed68cb5db4843646d7d9b935a73b
extra libtheora 1.1.1-6.0 libtheora-1.1.1-6.0-i686.pkg.tar.zst 84c63bcfc0042da968130b874135b17f37eb54d348f3d90063d3ee9c5bda9156
extra libtiff 4.5.0-1.1 libtiff-4.5.0-1.1-i686.pkg.tar.zst 4f109f47f051c2f24e755236041061e31c07d01ffb34ebdcfa7a63fad53b2ff8
core libtirpc 1.3.8-1.0 libtirpc-1.3.8-1.0-i686.pkg.tar.zst b90062506909066abbcd7f6b0f5b4f2046becdd333adc54967d05262d556ea92
core libtool 2.6.0-4.2 libtool-2.6.0-4.2-i686.pkg.tar.zst ea679884c0f9b1e97080551ea2acb08c4726111252c323cfff1a06343cb34df9
core libtsan 15.2.1+r604+g0b99615a8aef-1.1 libtsan-15.2.1+r604+g0b99615a8aef-1.1-i686.pkg.tar.zst 8cb6749d00fced639a134fbe9dfa3005cdb9eaebc6635402fc5d5d9a3ef714e5
core libubsan 15.2.1+r604+g0b99615a8aef-1.1 libubsan-15.2.1+r604+g0b99615a8aef-1.1-i686.pkg.tar.zst 2295715ec7c7fbc603f01657bf4dddcc47fcbc86e86997c7e0e32e2bd6dabcf6
core libunistring 1.4.2-1.0 libunistring-1.4.2-1.0-i686.pkg.tar.zst 7e05e0dfda37afbd0460c7e2571d87a2c95dd2ccec2e9b5c7346d4e6b2d03fb2
extra libunwind 1.8.1-3.2 libunwind-1.8.1-3.2-i686.pkg.tar.zst e6e252b4a87dcf4e86008d6695043b8ee7163a889f09d1d3b3dc0c30b558672e
extra libutf8proc 2.8.0-1.0 libutf8proc-2.8.0-1.0-i686.pkg.tar.zst e22bc658daa73448789a5350b93aac850f452b45a1f36c3909f2cc5c006820a4
extra libuv 1.52.1-2.0 libuv-1.52.1-2.0-i686.pkg.tar.zst c480ec13eab5bbddb8c51921291b91bd0b56c7bd6ad9433ec1de59d7f86ff11c
core libverto 0.3.2-6.0 libverto-0.3.2-6.0-i686.pkg.tar.zst ccb59d51515fab965b1c31edc5e719c3e57e139b33dcf5a2105a4f082df1ede2
extra libvorbis 1.3.7-4.0 libvorbis-1.3.7-4.0-i686.pkg.tar.zst 3c414579348342d7479308dccb044ab77fa995ef2cfa4a42e0113610d967321d
extra libwacom 2.20.0-1.0 libwacom-2.20.0-1.0-i686.pkg.tar.zst fe06dc4bc3c20b333a0252533c035c08b32bbd6980f25fdaa8e2403fdac97d19
extra libx11 1.8.13-1.0 libx11-1.8.13-1.0-i686.pkg.tar.zst 2156d890b71593389043e44c180ebe41bd521c33280884a8496832de9339b813
extra libxau 1.0.12-1.0 libxau-1.0.12-1.0-i686.pkg.tar.zst 05bf451b886a76fa0cededc3e96113741869973b70cf22fd33b185f157d0f334
extra libxcb 1.17.0-1.0 libxcb-1.17.0-1.0-i686.pkg.tar.zst a1b93a1a9e9ca39559b2886ffe158f15c7de4c1260019e4fb87950bff308c658
extra libxcomposite 0.4.7-1.0 libxcomposite-0.4.7-1.0-i686.pkg.tar.zst 00a43cbde67ac917228e803607dbdf5cd0f07bc62541d26147cdd0b444da86ca
core libxcrypt 4.5.2-1.0 libxcrypt-4.5.2-1.0-i686.pkg.tar.zst a93a4172aab2a365414a032084949578e6ea0d3d28c170c0ce44a0892e18004b
extra libxcursor 1.2.3-1.0 libxcursor-1.2.3-1.0-i686.pkg.tar.zst 07f39acc2ee30877acd25e66ab6afc2d7186f5d2dcfb73024a7991c5dcdc5a02
extra libxdamage 1.1.7-1.0 libxdamage-1.1.7-1.0-i686.pkg.tar.zst c77384eec6059034752d563e930f24a098baea9e40aa7eacf7c10d0e1ee0df34
extra libxdmcp 1.1.5-1.0 libxdmcp-1.1.5-1.0-i686.pkg.tar.zst 9f49aef587e68009c0663446aafcec514048c60420f9f0ae624270a7372f11cd
extra libxext 1.3.7-1.0 libxext-1.3.7-1.0-i686.pkg.tar.zst a258e2cfb9c815b27b28d21799e15765ce1f91537d4169846fd6d8aca5aa7e60
extra libxfixes 6.0.2-1.0 libxfixes-6.0.2-1.0-i686.pkg.tar.zst 43a35eb68359d2dceacf11c867f919f13fd9c78f5adfbb31c025e1e4c4c08c3d
extra libxft 2.3.9-1.0 libxft-2.3.9-1.0-i686.pkg.tar.zst d8c9c69da037457aa6f33b3a8c6c1c065bc987f26c6bf38f02e5d1fea29ca055
extra libxi 1.8.3-1.0 libxi-1.8.3-1.0-i686.pkg.tar.zst 8efe0c2bf92fec9ea943097e692c10b234df6b5d280bec27d2ad33ee7f6007bb
extra libxinerama 1.1.6-1.0 libxinerama-1.1.6-1.0-i686.pkg.tar.zst a4c1a030815a615f71e1a9f16a5651253316e7ec1c9445a86174edbc09ebd9bb
extra libxkbcommon 1.13.2-1.0 libxkbcommon-1.13.2-1.0-i686.pkg.tar.zst d18c5e1b5cd9d01a416187fd2d225bbe27d773d8e130751d180d8ff79e9958ba
core libxml2 2.15.1-4.0 libxml2-2.15.1-4.0-i686.pkg.tar.zst 9c00fdc9d77d96ba613930be6af9d15446be4ef8397b8afab07c5627138158d6
extra libxrandr 1.5.5-1.0 libxrandr-1.5.5-1.0-i686.pkg.tar.zst ae403e0eed391ac1a055db54e83fa80c1bdeedeffab52dcaa6a452fcc6812db2
extra libxrender 0.9.12-1.0 libxrender-0.9.12-1.0-i686.pkg.tar.zst 6b009104703bc639c4e7e514ba74814d969301fb73cbfb67033f2395637204e0
extra libxshmfence 1.3.3-1.0 libxshmfence-1.3.3-1.0-i686.pkg.tar.zst 09053e3eb02d0845d0e073e5a59177504ccc25898a08b80b38f501704b715ee1
extra libxtst 1.2.5-1.0 libxtst-1.2.5-1.0-i686.pkg.tar.zst 7743246b72c67391ab664aef9c2468334e5719908c3915fe659824d131d8dc1d
extra libxxf86vm 1.1.7-1.0 libxxf86vm-1.1.7-1.0-i686.pkg.tar.zst 68a84e45f80086e4332a3c8506cbf69959fd236be779f386d1faf42c063902b6
extra libyaml 0.2.5-3.0 libyaml-0.2.5-3.0-i686.pkg.tar.zst 6fe5f4ec51215a2c9832ad5fe83353c29f87298cb916f4042ef30d9274c2524e
core linux-api-headers 7.2-1.0 linux-api-headers-7.2-1.0-i686.pkg.tar.zst 0bbf1806ee797f11802744f36b005307c964c3db9db01f03a682a82dc9ec3c1b
extra lm_sensors 1:3.6.2-1.0 lm_sensors-1:3.6.2-1.0-i686.pkg.tar.zst 877715f9043dfdeb38d2e792f919ba4adf7b4f7390cde827a4ac370865878f42
extra lua54 5.4.9-1.0 lua54-5.4.9-1.0-i686.pkg.tar.zst 23389fbdbaff5ad1f1b511e1125beecab3ae740c8cf5b1f3210fa055f903b56b
core lz4 1:1.10.0-2.0 lz4-1:1.10.0-2.0-i686.pkg.tar.zst 1966d636e3c07845e57587a0e44d8b49a24ee3ef289557005c502848c863a683
core lzo 2.10-5.1 lzo-2.10-5.1-i686.pkg.tar.zst 3fc2096a8e38544eafeb5a8282f13387184c4af624efc2b7f79113fd376d8955
core m4 1.4.21-2.0 m4-1.4.21-2.0-i686.pkg.tar.zst 5459e531e07e37d94d77efb021b368246691dd0301e55a3c4701a8e13e2bd4d3
core make 4.4.1-3.0 make-4.4.1-3.0-i686.pkg.tar.zst 406118ee5cafc9354a72066a5434e7fe7d4b54a6de5d66f6039891744e61f194
extra mesa 1:24.0.4-2.0 mesa-1:24.0.4-2.0-i686.pkg.tar.zst b751c48b446e501fcda9195954aa7a61c4f6648fc51a978fb57e75b86806dcf9
extra meson 1.4.0-2.0 meson-1.4.0-2.0-any.pkg.tar.zst 98bf5f4869b28364554f6d8bc123a61208222819052e8bb440ddeb4c616daae8
core mpfr 4.2.2-1.0 mpfr-4.2.2-1.0-i686.pkg.tar.zst bfe0ca7e0248456c1e73c75f0cc1b07238877721e312d478ce70633ae9cf2fd1
extra mpg123 1.33.4-1.0 mpg123-1.33.4-1.0-i686.pkg.tar.zst 274e47db46f51170fea98b4aa9b734fc74656b43d35d6341d9121f6f2d9327d5
extra mtdev 1.1.7-1.0 mtdev-1.1.7-1.0-i686.pkg.tar.zst eba3deb7207ff77d1578d72a04eee1d3805f216f4848463230d6301fbc4ea392
extra mtools 1:4.0.49-1.0 mtools-1:4.0.49-1.0-i686.pkg.tar.zst 44eb93db849f79a786036250a0ff1c28e4a2ec6d07a1831e3d30507c2c2e329c
extra nasm 3.01-1.0 nasm-3.01-1.0-i686.pkg.tar.zst 683ff8bd716953541cc09d3082ab07ae6cb6baf9773907dff7bf643d761f0a04
core ncurses 6.4_20230520-3.0 ncurses-6.4_20230520-3.0-i686.pkg.tar.zst 1686625a67555a8d97ade9adfcf8eb59eeeba73cddd4143a3c1562d97f073965
core nettle 4.0-1.0 nettle-4.0-1.0-i686.pkg.tar.zst b8594314b325679439285517b6602ae007f704a736782a6547c90a8ab561daea
extra ninja 1.11.1-3.0 ninja-1.11.1-3.0-i686.pkg.tar.zst 8f5f034ffdbaa95880aa5d0b172ebd83c370aa70f78bd9a96c5f6fea58159e5d
core openssl 3.6.4-1.0 openssl-3.6.4-1.0-i686.pkg.tar.zst ec521a9850d063407677fa14dbcca4fce45c83afbfb30c75b227b66374dbd6da
extra opus 1.6.1-1.0 opus-1.6.1-1.0-i686.pkg.tar.zst 023d09f16bf3fdd97f4dcb156968ace549934f95af0c58f3b66fbdeb0ced7caf
core p11-kit 0.26.5-1.0 p11-kit-0.26.5-1.0-i686.pkg.tar.zst 7bd44e8abab7c44709bc6e5a29b9ba606cd2b496f7c4423e2616ae431d48b42e
core pam 1.5.2-1.0 pam-1.5.2-1.0-i686.pkg.tar.zst a550a967ce82842d6c6a152bf7b98e725dc50a9ea95603c1e6588814e5a57433
core pambase 20260616-1.0 pambase-20260616-1.0-any.pkg.tar.zst 205331437cc8f904b68e335dc089f858b50e074636d1f43bcfb76aa300183c94
extra pango 1:1.58.2-1.0 pango-1:1.58.2-1.0-i686.pkg.tar.zst c9a1ddbf403f40e532242629305f64b103243cd6a969083a56a97278847baaa0
core patch 2.8-1.1 patch-2.8-1.1-i686.pkg.tar.zst 6efd537383a70ff27984ab186ab168a1889bb84919ed894d5fb528bcf9a92f37
core pcre2 10.48-1.0 pcre2-10.48-1.0-i686.pkg.tar.zst ed446e35f38ed1181c9c13faf77921cd4d03d0dc90cfa9b4ee3b43648f8a2196
core perl 5.36.0-3.0 perl-5.36.0-3.0-i686.pkg.tar.zst 18ef52dfb699edc825ee31f48b1d0780372b2c3c364e148a07ab79857274cd05
extra pipewire 1:0.3.65-6.0 pipewire-1:0.3.65-6.0-i686.pkg.tar.zst 3a950540456be00dc2f4220ea644542d413f11b9a2391cdbbeca6172dffdf20a
extra pixman 0.46.4-1.0 pixman-0.46.4-1.0-i686.pkg.tar.zst 65f377ef24028435b9b15b2a26cb28782bfe728904355fb2d0b11cb07b8e8ef4
core pkgconf 2.5.1-1.3 pkgconf-2.5.1-1.3-i686.pkg.tar.zst ee79dddfc2eb33c2a7983a6acf0017a3639dba7330aab4b6ab8f42114f8beaee
core popt 1.19-2.0 popt-1.19-2.0-i686.pkg.tar.zst d01d870c08eadc57e44ad9ca6e9aa58b5a6af36170bbca64b24f010df8e582e7
core python 3.11.8-1.1 python-3.11.8-1.1-i686.pkg.tar.zst c878623e352306ff0a50a122f0849d47b3f503ad10733cc30d7ee28740ca8d7a
extra python-tqdm 4.66.2-1.0 python-tqdm-4.66.2-1.0-any.pkg.tar.zst 65eab6b4def0c8ea0a06f49636cdcdcda7b49949cd85a471d17b2a7af1e3feb5
extra python-typing_extensions 4.10.0-1.0 python-typing_extensions-4.10.0-1.0-any.pkg.tar.zst 2d0da04ce22fca7a5077b88f238199dbe15e8048265ef788e0e7249d1b6147e6
core readline 8.3.003-1.0 readline-8.3.003-1.0-i686.pkg.tar.zst 7a8d51cf4b31230ae54272cac315ebb51071d74beb561e397fd0d80be9b730a9
extra rhash 1.4.3-1.0 rhash-1.4.3-1.0-i686.pkg.tar.zst 606e9204612cf2570ab953d13f9bb5c59ad94f8a74e301979bf438964e0243b8
extra scdoc 1.11.5-1.0 scdoc-1.11.5-1.0-i686.pkg.tar.zst 735384732d3879cbe27e8f0c14ef32384caf93caadc34cb898953003b2b32e36
extra seatd 0.9.3-1.0 seatd-0.9.3-1.0-i686.pkg.tar.zst f499c0e5da0b7dbd872de04f0ed2251b73001b5132008ff9b20eff60953a2eeb
core sed 4.10-2.0 sed-4.10-2.0-i686.pkg.tar.zst 0ad25ab39a9a181fb77b79dfd7948dfad33dcd53c1deb7b90c8950e933cbc68e
core shadow 4.18.0-1.3 shadow-4.18.0-1.3-i686.pkg.tar.zst 42af552e6921f07d74bd3eb006d08fded56e943f364a438dd2a1d68622df00bc
extra shared-mime-info 2.5.1-2.0 shared-mime-info-2.5.1-2.0-i686.pkg.tar.zst d035aabfab8c9d5e5789d981e2ef0c3d2d2706f4a613a94eeca18816d31539c3
core sqlite 3.53.4-1.0 sqlite-3.53.4-1.0-i686.pkg.tar.zst ab0e35e3e6a92470bc053262254f3e901044c409b4f4d4e416fea6200237cbd1
core systemd 259.5-1.0 systemd-259.5-1.0-i686.pkg.tar.zst 539ad25b9a576cd109fdd7ae8bde3c16e3e504eb05b257c62ab09f48b1dbb5d4
core systemd-libs 259.5-1.0 systemd-libs-259.5-1.0-i686.pkg.tar.zst 40b326ac59554ae195ba9a433418147cf1906c2e64284ef625c5edb7379b82e0
core tar 1.35-5.0 tar-1.35-5.0-i686.pkg.tar.zst f9ea19070234b5a4aa3c30c745c51c8ceda10f8859b9cc228d2cd0826aeeaf9f
extra tinysparql 3.11.1-1.0 tinysparql-3.11.1-1.0-i686.pkg.tar.zst 5310a4171209b326c695cb2d87b6dc186003988fd3066d135e53e35835ed0dc0
extra tllist 1.1.0-2.0 tllist-1.1.0-2.0-i686.pkg.tar.zst 0d7a6c15a75573d61b631fe1d733045378b016140098d34f8721ec868da748ae
core tzdata 2026d-1.0 tzdata-2026d-1.0-i686.pkg.tar.zst d25a458eee4a4a1bcdffd881e2e79acca9e4173347572e50ef5644787aacaa9b
core util-linux 2.41.3-2.3 util-linux-2.41.3-2.3-i686.pkg.tar.zst 194dd93b9d4461b994e818189809bc7a3b1c3c0c9f5734e65164f59b571afba0
core util-linux-libs 2.41.3-2.3 util-linux-libs-2.41.3-2.3-i686.pkg.tar.zst 86f568813a382757786a51aeb37baa25790c87d1031701ece07f7379c53f7eaa
extra vte-common 0.84.1-1.0 vte-common-0.84.1-1.0-i686.pkg.tar.zst c2e20862c8dd133c9fb3aa74876b3baa5d7c2e34ec6386d19db01671457bdd42
extra vte3 0.84.1-1.0 vte3-0.84.1-1.0-i686.pkg.tar.zst 07a22e6dee8611b2fe1b317124925cc8b63a15e173cae3ade71ebbeccdc9247c
extra wayland 1.26.0-1.0 wayland-1.26.0-1.0-i686.pkg.tar.zst 9c818f117dc319475d85522ae121d82dc6611368d465fc0b4c054771eb9b18b9
extra wayland-protocols 1.49-1.0 wayland-protocols-1.49-1.0-any.pkg.tar.zst 141baf5ab7e49fb971120170e02df00d8a91b13440a329f6aa43296295f12e57
core which 2.25-1.0 which-2.25-1.0-i686.pkg.tar.zst ca456224f39197c2d6194eeb295d48743698b3a3cbc0edf03c223b00c14385f7
extra xcb-proto 1.17.0-1.0 xcb-proto-1.17.0-1.0-any.pkg.tar.zst 2d93a725bd29347b10ea0f60b57b220a7f6dd01b7f035485f9dd0af2adb66ae6
extra xkeyboard-config 2.48-1.0 xkeyboard-config-2.48-1.0-any.pkg.tar.zst bfc6629670a1387e60a319a25119474eb4df7bcdb84983095601906b6ac10797
extra xorg-xprop 1.2.8-1.0 xorg-xprop-1.2.8-1.0-i686.pkg.tar.zst 3abdb9d066b5b6d732a4dbf212b03929ff3f79900ec683c8c8ef0e817679248e
extra xorgproto 2025.1-1.0 xorgproto-2025.1-1.0-any.pkg.tar.zst d68696d1f806e08b009e951c614ace9b44e79d46f4a3112a476b0add095fbe1a
core xz 5.8.4-1.0 xz-5.8.4-1.0-i686.pkg.tar.zst 7f6516c0d9a228b23198330ba34a7bb7c30227e9c20133bb9d7e4583a5d9a176
core zlib 1:1.3.2-3.0 zlib-1:1.3.2-3.0-i686.pkg.tar.zst ddec6878082a45ecf5f88f43e961d73089c8ae525a1aa5612b1c90b89daa62a2
core zstd 1.5.7-3.0 zstd-1.5.7-3.0-i686.pkg.tar.zst 0047023c1275a2539631b57255db5f10d53236a3e9ce18a7d6fc3876d89a7d3c
