extra 7zip 25.01-1.0 7zip-25.01-1.0-i686.pkg.tar.zst c3dd3e5a9b075c9a0c2aa799feb9817a57a374b7119f510f2801c4a8215b3062
extra a52dec 0.8.0-3.0 a52dec-0.8.0-3.0-i686.pkg.tar.zst 2477553f90394a35e7c4fd80affbcbfecfa8dbda8791dd1a4fbac424f8cc4054
core acl 2.4.0-1.0 acl-2.4.0-1.0-i686.pkg.tar.zst 77155db4e9d3415eb6b63c2658fb9cea7aefe9183011e6cecc7814c912c1c603
extra adwaita-cursors 50.0-1.0 adwaita-cursors-50.0-1.0-any.pkg.tar.zst 3ce33c91f5044aa0342b988477e5c850949102285b86bc69b22efff87a53015c
extra adwaita-icon-theme 50.0-1.0 adwaita-icon-theme-50.0-1.0-any.pkg.tar.zst c5b4228e3261663ba213a6f521827dd6ceb6dc57cd36861e223a59e1b525b0a5
extra adwaita-icon-theme-legacy 46.2-3.0 adwaita-icon-theme-legacy-46.2-3.0-any.pkg.tar.zst 8cf29ab7a8e11e98675a4ef310c40c78f5bfe487138df5c1807df4d22bbdb44f
extra algernon 1.17.11-1.0 algernon-1.17.11-1.0-i686.pkg.tar.zst ce45e1460e0108a59422998e80d8ec23a3f2bb7ef62259effdc6df25b8d895d3
extra alsa-card-profiles 1:0.3.65-6.0 alsa-card-profiles-1:0.3.65-6.0-i686.pkg.tar.zst 45a8d40438d2eccfdeb86dcdbeb8733764c23134a5f9c1a708aeff1a50e69b49
extra alsa-lib 1.2.16.1-1.0 alsa-lib-1.2.16.1-1.0-i686.pkg.tar.zst 89003b90f497df96eb2c7f3ff1682e267fa7fe4c02fe82858e4290d6c5e7220d
extra alsa-topology-conf 1.2.5.1-4.0 alsa-topology-conf-1.2.5.1-4.0-any.pkg.tar.zst 4c0031c48a6f8a4b3ddc626f24855201e5f881050ee44163274461c562a3fa91
extra alsa-ucm-conf 1.2.16.1-1.0 alsa-ucm-conf-1.2.16.1-1.0-any.pkg.tar.zst 13024cd99f5c67f355968019f3c42264e9023e8a279be2660d14468555c40bdf
extra alsa-utils 1.2.8-1.0 alsa-utils-1.2.8-1.0-i686.pkg.tar.zst 5d700e103171cd1e3369d9bb6b0427ede3d69339c9db2d8adbb6923110fb87c7
core archlinux-keyring 20250807.1-1.0 archlinux-keyring-20250807.1-1.0-any.pkg.tar.zst 7c4b87d4c5587519ec7a128cd8fe7038a498b8da3dbfff233eb602d36ccaf278
extra archlinux-wallpaper 1.6.1-7.0 archlinux-wallpaper-1.6.1-7.0-any.pkg.tar.zst 956acfa334c4b04a10c9d40b6ea5b01aba19d619d244dc10fd817a4e0cf76a69
core archlinux32-keyring 20251214-1.0 archlinux32-keyring-20251214-1.0-any.pkg.tar.zst 7600cd9ddabbbbb5643b0235646670d070a4848030fbe10c77939ea3aeee29a0
extra argon2 20190702-7.0 argon2-20190702-7.0-i686.pkg.tar.zst d6e6ec8bf0e9fad3d1d06fb545c0eeef00e9023b908e0dd02a1d6c5913ec1fd8
extra at-spi2-core 2.54.0-2.0 at-spi2-core-2.54.0-2.0-i686.pkg.tar.zst ab24fac815d48a0dc683e3511410fa1689eaec03f46a8ad03787b93c9b72e91e
core attr 2.6.0-1.0 attr-2.6.0-1.0-i686.pkg.tar.zst 11b9cd74f9dbd2ce40f94397c0c3e49a605dab6c68e2f6f8763060ddffc8962a
core audit 3.0.9-2.0 audit-3.0.9-2.0-i686.pkg.tar.zst 64dd331ae4e4eb7f14398951da71a16eff5d5ee8f70744131c79792e772bfd9c
extra avahi 0.8+22+gfd482a7-3.2 avahi-0.8+22+gfd482a7-3.2-i686.pkg.tar.zst f5593997272202bfa4dc978983e66026646c79ce63c08534222ae33d22508731
core bash 5.3.9-1.1 bash-5.3.9-1.1-i686.pkg.tar.zst 8ff7830c5fe703e912eb0fc5ba2c090ff07b891898ad0737c56c7816706c7a1c
core binutils 2.46-1.5 binutils-2.46-1.5-i686.pkg.tar.zst a495f4dd4702fed97034c199df86cb16f8b9520fd7e2c2a03b886754c7cf76b4
extra bluetui 0.6-1.0 bluetui-0.6-1.0-i686.pkg.tar.zst a95662d74e1b6c46a37cad4b8e1584115f6a706d0305f711faaf3279b6c9b06f
extra bluez 5.79-1.0 bluez-5.79-1.0-i686.pkg.tar.zst c74ec4730cf58663eaefa7ec965c5073c3f6a3550baa177125fb1f2aa79ebbee
extra bluez-libs 5.79-1.0 bluez-libs-5.79-1.0-i686.pkg.tar.zst 6949a9a25c4efc544befd6ad64c4b0e5c0318a1037caf82da50a168a2e3ace8e
extra bluez-utils 5.79-1.0 bluez-utils-5.79-1.0-i686.pkg.tar.zst 1efd590d6242c35737262754dc40084bacff40b3802a86896ca8a576931f098d
extra boost-libs 1.83.0-7.0 boost-libs-1.83.0-7.0-i686.pkg.tar.zst f6db4131282012e4bb2493f2c181132b3a795718e409366a0f0f2183dea2c923
extra brightnessctl 0.5.1-2.0 brightnessctl-0.5.1-2.0-i686.pkg.tar.zst 368e95257b36cca265c021a938319392962e4173eee66a9c20bd7f7dd9215f02
core brotli 1.1.0-1.0 brotli-1.1.0-1.0-i686.pkg.tar.zst f4be75194acd92a9f9450a7c265872b54a0c64a69b469407698af24fb38a738f
core bzip2 1.0.8-6.3 bzip2-1.0.8-6.3-i686.pkg.tar.zst 6e6e5b82d844f12bccb0c58d4fedde076d5b19fa1fc9e018f0fab03304b5cdf3
core ca-certificates 20240618-1.0 ca-certificates-20240618-1.0-any.pkg.tar.zst 72dd0e45fe4b4d24e94c43595be61e6c8739128787ae06c1f6d5ed00c4f43280
core ca-certificates-mozilla 3.107-1.0 ca-certificates-mozilla-3.107-1.0-i686.pkg.tar.zst a69026caf02c4d313d2b724e4d12492e72d4a73663f1fc71867daa8eba57b4f9
core ca-certificates-utils 20240618-1.0 ca-certificates-utils-20240618-1.0-any.pkg.tar.zst 6f9242cbe0ae5a41d537ef8e321d1f8517418b354ddc8e07c3cf2897ce2a3280
extra cabextract 1.11-3.0 cabextract-1.11-3.0-i686.pkg.tar.zst 520eb69251b68a7b502d9609d3987082ba4be31c543b742cba456511ed6c8f2e
extra cairo 1.18.4-1.0 cairo-1.18.4-1.0-i686.pkg.tar.zst 255fee1e4d8eb056cdb310e7e107e47675585d20666461b14d118de8dfd84801
extra cantarell-fonts 1:0.303.1-2.0 cantarell-fonts-1:0.303.1-2.0-any.pkg.tar.zst a129966e3568997fdc82ba7331b71eb0b369fb4f8af983e30a7d7aed7b14a389
core coreutils 9.11-2.0 coreutils-9.11-2.0-i686.pkg.tar.zst 8754c113d7e886e9795fbfe60e39c75bb0184729b33ae591f0d245cbbc529fe2
core cryptsetup 2.7.2-1.1 cryptsetup-2.7.2-1.1-i686.pkg.tar.zst 4cdbd1e72bf900bb1b5a66d1638f51bec1323c6e77a62fa27e9ca1482cd0fdcb
core curl 8.22.0-1.1 curl-8.22.0-1.1-i686.pkg.tar.zst 3556a67de75be7031e874ef4a9ec91909142964fd783ea27579ede58fd941b15
core dbus 1.14.10-2.1 dbus-1.14.10-2.1-i686.pkg.tar.zst fe1e491ea1411d823ef0733d442cc68781aa6c03399ca9704e835846316bbea3
core dbus-broker 36-1.0 dbus-broker-36-1.0-i686.pkg.tar.zst f042684e87118e20085238752e54e4835f4116c0bc1528561ca11d46d2e8f2dd
core dbus-broker-units 36-1.0 dbus-broker-units-36-1.0-i686.pkg.tar.zst 9402c7f69929bddf8b0ebfa66c57219ee59878d7f1774b91efcfdfa16374199c
extra dconf 0.49.0-1.0 dconf-0.49.0-1.0-i686.pkg.tar.zst 02cda3d2b2535b35be1b6f3039ae2c72b22f9e644c00071083ba62dd0be05067
extra default-cursors 3-1.0 default-cursors-3-1.0-any.pkg.tar.zst d2795a1daee6f109c1f546dd895a39bd82ac38df1d3a3617432b649233555c10
extra desktop-file-utils 0.28-1.0 desktop-file-utils-0.28-1.0-i686.pkg.tar.zst aa84785588752d5b6e2e3f664d3ead0ebc72d70cf10cc80878801edf08a702bb
core device-mapper 2.03.39-1.0 device-mapper-2.03.39-1.0-i686.pkg.tar.zst 5d84a44595edab45a54cc0cd0632bc664ec296a7d34081a432b1b6aeaf14fb5e
core dnssec-anchors 20250524-1.0 dnssec-anchors-20250524-1.0-any.pkg.tar.zst 7876044596d013f5307a6b3cf08aef5e1fb445afebfd887135669ca2a2c4d3b0
core dosfstools 4.2-5.0 dosfstools-4.2-5.0-i686.pkg.tar.zst 81752759b302f887d0452314cd2c695bae52e2b8b55ae2f284f0605b938eb629
extra dropbear 2026.94-1.0 dropbear-2026.94-1.0-i686.pkg.tar.zst 79acbc4131aab73b3a6ba7c2f427d86356e367d2b22acb0e647595631aed4ffd
extra dropbear-scp 2026.94-1.0 dropbear-scp-2026.94-1.0-i686.pkg.tar.zst c7542295d0a92ef0f10b4889477bdbfdba6634cb555fb7f175b6a35791361317
extra duktape 2.7.0-7.0 duktape-2.7.0-7.0-i686.pkg.tar.zst 52d4e1e3d0c718d266bf566e049cc1106ee462835d62542fdba3da2fbb1947bd
core e2fsprogs 1.47.2-1.0 e2fsprogs-1.47.2-1.0-i686.pkg.tar.zst 6b6662ed9bf19ac6a8c237ac5089221c22b9e882d45f425169fd6f612568dce0
extra earlyoom 1.8.2-1.0 earlyoom-1.8.2-1.0-i686.pkg.tar.zst 55015635d86f96ae8355e802e573ac186337605c0980138691bbe3acab21d4f4
extra ell 0.83-1.0 ell-0.83-1.0-i686.pkg.tar.zst 7aa8948e5d5cd7b545ef417d1fb470c479a134cb4f9f037cf0a9cbab80e6b0af
extra exfatprogs 1.4.3-1.0 exfatprogs-1.4.3-1.0-i686.pkg.tar.zst d154924aebc498c0861d4eb86f10fa624f632ef4c289218aa55d7992aeaf0da7
core expat 2.8.5-1.0 expat-2.8.5-1.0-i686.pkg.tar.zst 8658f2a6f473dbfeb4ad1ae22af5215aebb5e3ae9e9c1e438e0b676320073064
extra faad2 2.11.3-1.0 faad2-2.11.3-1.0-i686.pkg.tar.zst 6c08aea35f7d93445acb8ca1a4ca26a9841c95c68b8e484dac94e91828ac5b54
extra fastfetch 2.61.0-1.0 fastfetch-2.61.0-1.0-i686.pkg.tar.zst 4e8783d0c3aca7f40afa4317eeb0a69121b75a022cc24d25583da3a241c56cd6
extra fcft 3.1.7-1.0 fcft-3.1.7-1.0-i686.pkg.tar.zst 58a1d6dd6457969f8031cf7efefe97c739ce332a89b2822036abdc78965b0378
extra fennel 1.6.1-1.0 fennel-1.6.1-1.0-any.pkg.tar.zst f7d6208fcab50a26aa1d9f0565ac5db4c0da6564aaa79398c4310b8502a551de
core file 5.47-1.0 file-5.47-1.0-i686.pkg.tar.zst 424e638b11e487d6c1bff6faf6930ab204fe0ac4632cf99887772e18b89f3340
core filesystem 2025.10.12-1.0 filesystem-2025.10.12-1.0-any.pkg.tar.zst 704e0809cc193717ad50ae2ffe42e6681f95e6867b0a7abde0855f6f79784e50
core findutils 4.11.0-1.0 findutils-4.11.0-1.0-i686.pkg.tar.zst 5dd36fb2f8f7c4c36297b1c8569ebbf0617e1afbbf3cfcc0fc9133d4660fd4e2
extra fish 3.7.1-2.0 fish-3.7.1-2.0-i686.pkg.tar.zst 95e2422942684ef9a8f3323a601539d1a0170cff169646c8e39c46f110a46ee4
extra flac 1.4.3-2.0 flac-1.4.3-2.0-i686.pkg.tar.zst e88ddf1f4837d082a564cb0c745def6d8b52097da0362847651d3b8cf7b65a7d
extra fontconfig 2:2.14.1-2.0 fontconfig-2:2.14.1-2.0-i686.pkg.tar.zst ec930fcb25414fc2d6c0190080baa478dff0fa2064b29f0f9fef90153c2c7998
extra foot 1.13.1-2.0 foot-1.13.1-2.0-i686.pkg.tar.zst 8d665bf0f82639276315dfbc9a2c5c3c988a2129112e6388abc2cb313a9c32ca
extra foot-terminfo 1.13.1-2.0 foot-terminfo-1.13.1-2.0-i686.pkg.tar.zst 0fe2b4b9a176c40d094e9a53d9d4593353b3edcc0ff9ff08c0bd8213b333dd1b
extra freetype2 2.13.3-1.0 freetype2-2.13.3-1.0-i686.pkg.tar.zst 33245e89f18171e4bcbf6f5323899fa5ed7146b48a2a4dfa07d399fb72c9365c
extra fribidi 1.0.17-1.0 fribidi-1.0.17-1.0-i686.pkg.tar.zst def4a5aaed49e2efc887c2005ab3051b633e3c4d03b6446c060fe76d02128689
extra ft2-clone 2.17-1.0 ft2-clone-2.17-1.0-i686.pkg.tar.zst 2442331dd76afd48d3d1df53c526228c229e7ea52d8b8f0c09f0e5ade6a11778
extra fuse-common 3.16.2-1.0 fuse-common-3.16.2-1.0-i686.pkg.tar.zst eaba4b216f359be99d4f4a492a014cecfb29a6b0ad4f02af1ec7d31206b79e49
extra fuse2 2.9.9-6.0 fuse2-2.9.9-6.0-i686.pkg.tar.zst a5d8151f4c4e3352abb568855df974db67934b12420a005af4e5968ff82d2fe0
core gawk 5.4.1-1.0 gawk-5.4.1-1.0-i686.pkg.tar.zst 78fb6a3aa0865ac6039fe44e9ce7a8bb04d1bcb39283b0d14280e663732b1dde
core gcc 15.2.1+r604+g0b99615a8aef-1.1 gcc-15.2.1+r604+g0b99615a8aef-1.1-i686.pkg.tar.zst 20e8dc9c825bbb40f005dcb9b25d5339d42e2640e087ad8f685e72e0d833361f
core gcc-libs 15.2.1+r604+g0b99615a8aef-1.1 gcc-libs-15.2.1+r604+g0b99615a8aef-1.1-i686.pkg.tar.zst 9a0842c4595aa55ebfdc896fc899736eefe7a337d6e0582e700c38bc56432fd7
core gdbm 1.23-1.0 gdbm-1.23-1.0-i686.pkg.tar.zst 5a282fa74572004799b70c9a32acec7822387f43be617a6fdd884c1459a41375
extra gdk-pixbuf2 2.42.12-2.0 gdk-pixbuf2-2.42.12-2.0-i686.pkg.tar.zst 47de4f2bcf9db880842591128cbb020baa88aa22e8c5753bdf1b6748981c11b9
extra geoip 1.6.12-3.0 geoip-1.6.12-3.0-i686.pkg.tar.zst 862470ebe7447524401f00b814e2d26b3197c103dcdb9a03ea0175dd7a4539e8
core gettext 1.0-2.0 gettext-1.0-2.0-i686.pkg.tar.zst 5e08aa88ca45af7b988397d733e3df51105911df5aba50b49c7c3a583cd9dd02
extra giflib 6.1.3-2.0 giflib-6.1.3-2.0-i686.pkg.tar.zst ffecf623508225820113a82852df52e6dd22779a99de0729a11ca0a4e55164fe
extra git 2.55.0-1.1 git-2.55.0-1.1-i686.pkg.tar.zst 4f44b44ccf4dfc0b8f3142945b399f47005e81cc9c41a64e9ccb44fc16852746
extra glib-networking 1:2.80.1-1.0 glib-networking-1:2.80.1-1.0-i686.pkg.tar.zst 36dd62944163ebe1887779f29c457827ded9d99ae2c53c7959c931a5ca17763b
core glib2 2.80.0-2.0 glib2-2.80.0-2.0-i686.pkg.tar.zst 4b45e426334c08774773925966ab412929db9ce4c5e470aa744f6c8dafb7e9c6
core glibc 2.44+r24+g16be1518495f-1.0 glibc-2.44+r24+g16be1518495f-1.0-i686.pkg.tar.zst a27a0aaf4d69bdb7fa4fa8349baefb52b835f54a707946a3145aeeffceb69ce4
core gmp 6.3.0-3.0 gmp-6.3.0-3.0-i686.pkg.tar.zst fecbd85899aa8d4f8ecba8fed33f35a7cfb700a80f5a2e4deeec868fee4a2fc6
core gnulib-l10n 20241231-1.0 gnulib-l10n-20241231-1.0-any.pkg.tar.zst f059ac916c482f387bfa0a6874b1f783ee0dccb814ef471c723a89e6c4c0afe6
core gnupg 2.4.8-1.0 gnupg-2.4.8-1.0-i686.pkg.tar.zst 6a216ab4374fedb13699fcf410c1bac6471730f40eafae01b0e36c2df3755420
core gnutls 3.8.13-3.0 gnutls-3.8.13-3.0-i686.pkg.tar.zst a199d1fc09b2f9fbc464fe2fa8e2ac7f4de7b94abc19ccd8f058a1e0d37f0f7a
extra goaccess 1.12-1.0 goaccess-1.12-1.0-i686.pkg.tar.zst be62ad2996ad260e688aaf870675e353ffd739e458a73399be261bda02178514
core gpgme 2.0.1-1.0 gpgme-2.0.1-1.0-i686.pkg.tar.zst 33e39185274a1fa22f9123108b759fb7231e17b41e4f9f5c266a73c1f60e1a25
core gpm 1.20.7.r38.ge82d1a6-7.0 gpm-1.20.7.r38.ge82d1a6-7.0-i686.pkg.tar.zst 1ce84b829c1824905300f63db8caa10f10130b51fe82f76cca818d83e84ff910
extra graphite 1:1.3.14-4.0 graphite-1:1.3.14-4.0-i686.pkg.tar.zst d29f7878ae3274f08a2116b1d60e95f599db4cfad34cec8af34e55fc75c6b3cf
core grep 3.12-2.1 grep-3.12-2.1-i686.pkg.tar.zst 954269701f522905697466fa333ea47e493e377f4e40b337c8c536a0c01efe1e
extra grim 1.5.0-2.0 grim-1.5.0-2.0-i686.pkg.tar.zst f23fd8f0da58a1798984508d5a78aee5f5cc93e7d61dd6e51feb978230da469d
extra gsettings-desktop-schemas 50.1-1.0 gsettings-desktop-schemas-50.1-1.0-any.pkg.tar.zst ba61c8098b7d00eda12ed1bfbb72b13cd9f37533524231e18396a83690843586
extra gsettings-system-schemas 50.1-1.0 gsettings-system-schemas-50.1-1.0-any.pkg.tar.zst 4aaae8515dd478f23c5bccaed50c2763aae96c9d92cbdf2535c94076d53e6191
extra gtk-update-icon-cache 1:4.16.7-1.0 gtk-update-icon-cache-1:4.16.7-1.0-i686.pkg.tar.zst 72d7a01948ef5a958ea4564024c6ad296d6989bbb6e33a7294700b3e7a30368c
extra gtk3 1:3.24.43-2.0 gtk3-1:3.24.43-2.0-i686.pkg.tar.zst 5c140b65a2fcc4e62c04d77d4b1a91e82f8f9d943ef2790a438c35450519ddf3
core gzip 1.15-1.0 gzip-1.15-1.0-i686.pkg.tar.zst 66e36d2990d014fc13eb895963c39cd8c0f47b03446a1b8e78909e96696bef43
extra harfbuzz 7.1.0-1.0 harfbuzz-7.1.0-1.0-i686.pkg.tar.zst ceed36aaa81fe27577c52ea70f672860e56db5ceaeaefa6f2151b9e4c103547f
extra htop 3.2.1-1.0 htop-3.2.1-1.0-i686.pkg.tar.zst dc4185e32658d57630106fa1eca0bb08f421b162c3c5e28c8065435672cd7ac1
core hwdata 0.411-1.0 hwdata-0.411-1.0-any.pkg.tar.zst a481f36f0ff918a63ebddb93207471c31d322b92bf0ba72d7fc177e06ac296ab
core iana-etc 20260617-1.0 iana-etc-20260617-1.0-any.pkg.tar.zst e9c97fc00667649144ded7893588fc7fbf9e99fb577fb039279dbe3ea3a9bfdb
extra impala 0.2.4-1.0 impala-0.2.4-1.0-i686.pkg.tar.zst 10087a51867005b5d00500c7808080db65f2d920133245e97958e4bc40f9105b
extra innoextract 1.9-10.0 innoextract-1.9-10.0-i686.pkg.tar.zst 5fcee5ff5327acefaf6047b61b7468f36c6831b7f5bdb37cbeadcb9e5bbb39e7
core iputils 20250605-1.4 iputils-20250605-1.4-i686.pkg.tar.zst f1dcb8f98da7aba95d48b900826b0c7c0c83ac6ca971306862897ffc3fa3ca10
extra iwd 2.22-1.0 iwd-2.22-1.0-i686.pkg.tar.zst 261467a97ef39a54aa55b1ac71eafcbcb2654050417496a35cf527f97744ce31
core jansson 2.15.1-1.0 jansson-2.15.1-1.0-i686.pkg.tar.zst 44f7505ddf0c2cc0b9be78fdfb5bb03eceee4f8b84bd57006862a30d1c109b3b
extra joe 4.8-1.0 joe-4.8-1.0-i686.pkg.tar.zst 89c38a0a6f465d7bfe9cf302deeb0d3d083095535b13fa63b23c215bb92fdb25
extra jomon 0.6.4-1.0 jomon-0.6.4-1.0-i686.pkg.tar.zst e8913e14067fe21d78387502d38bae4f79fe23a409bfc34a53be62cd36b4af97
core json-c 0.19-1.0 json-c-0.19-1.0-i686.pkg.tar.zst ecf2ef82f7e7ffefa9fe85ce0cfe97d8009d4d7410cb248bf6994256131e9ec4
extra json-glib 1.10.8-1.0 json-glib-1.10.8-1.0-i686.pkg.tar.zst 51eab4a4bb06c4cea702ae817305385422e6afe3125b90428dec26d0509e1d8c
core kbd 2.10.0-1.0 kbd-2.10.0-1.0-i686.pkg.tar.zst e0b4649e2e70862ce63967280d7bd2f4fe530d1f2266a51b2ff453ff4155f3a8
core keyutils 1.6.3-4.0 keyutils-1.6.3-4.0-i686.pkg.tar.zst 86579b80c4fe08d47d773c2f795080a03f299a9d8e3e02e0db87f15b70ae4115
core kmod 34.2-1.1 kmod-34.2-1.1-i686.pkg.tar.zst d8c64cae46d408f174deaf4546718d007aa0a1951d867a0485878fb47f0a9d5c
core krb5 1.20.1-1.0 krb5-1.20.1-1.0-i686.pkg.tar.zst 327c9735375bd246e7c4889cfb002a25d69391c56d960528260e09445e10a861
extra lame 3.101.r6531-1.0 lame-3.101.r6531-1.0-i686.pkg.tar.zst fbe88f01db385d3dd8afffe7b0e6e9e1a826de38ec6e3714a9ace91d60f26b84
extra lcms2 2.19.1-1.0 lcms2-2.19.1-1.0-i686.pkg.tar.zst fc1c0d08b74421711e834f96cedfac78dab0ed929efa44deb71de880de07b047
core ldns 1.9.2-1.0 ldns-1.9.2-1.0-i686.pkg.tar.zst 17c2cc9fc74f3b62610dea630a8fae228a101cb39ff5fe4ba48ac25e9d23ec59
core leancrypto 1.9.0-1.0 leancrypto-1.9.0-1.0-i686.pkg.tar.zst f121b4e4fcc39f03d65e8d0cd1684101224cc753d060c28c57a912c129c0b8d2
core less 1:704-1.0 less-1:704-1.0-i686.pkg.tar.zst 2ef07890505015ed0b192d2779a86fe5578295b913116e7cf693a686f346b188
extra lhasa 0.5.0-1.0 lhasa-0.5.0-1.0-i686.pkg.tar.zst f9038861ab0a955ec94e700a6013f3e81d432bd50b1ea621ea7e0ea326a4481d
core libarchive 3.8.1-1.1 libarchive-3.8.1-1.1-i686.pkg.tar.zst 0f2356241bea87104c88c8b8aed37e089e09c4494bd1754bfe7e04c4ea0436e8
core libassuan 3.0.0-1.2 libassuan-3.0.0-1.2-i686.pkg.tar.zst f4ad5587e55eb339b1f1d7b3e43586b3ec22890cad19016982c72fd00c57c38e
core libatomic 15.2.1+r604+g0b99615a8aef-1.1 libatomic-15.2.1+r604+g0b99615a8aef-1.1-i686.pkg.tar.zst a9cc5949581276d83fd832c2ebc612aeb54b931408d4ffd281e3a4cb00a41e7b
extra libcamera 0.0.4-1.3 libcamera-0.0.4-1.3-i686.pkg.tar.zst 154a84c194b39676e60c969defe0c6054fd297ea6ed4ad4dea5f60ae1b9b9428
core libcap 2.78-1.0 libcap-2.78-1.0-i686.pkg.tar.zst 5b80e8ead97bc0f2617d449d7303334131e9f03c588c1f80e2925cdc9fb97180
core libcap-ng 0.8.5-1.0 libcap-ng-0.8.5-1.0-i686.pkg.tar.zst 932b49ab8bc7874742a0b695e53d0f3d5b0bd87e055a63b894b713aa6314334a
extra libcloudproviders 0.4.1-1.0 libcloudproviders-0.4.1-1.0-i686.pkg.tar.zst dc8f0d69622ad1436357b17d44b3c36a5d71a29536166b0f6daad80f936e1bdb
extra libcolord 1.4.8-1.0 libcolord-1.4.8-1.0-i686.pkg.tar.zst affdc4b332d004b537983a60a8bd114042c5bbdfb4987e316f05d857ba2de47f
extra libcss 0.9.1-6.0 libcss-0.9.1-6.0-i686.pkg.tar.zst 0a3d4cceb1c3662327063389f59435e4478e0f57771c3b62a43d649b0bbe925c
extra libdaemon 0.14-6.0 libdaemon-0.14-6.0-i686.pkg.tar.zst fea7d473505d5bed22a9143d53030012eb0d44a9098c95459d55f41c03a66b18
extra libdatrie 0.2.14-1.0 libdatrie-0.2.14-1.0-i686.pkg.tar.zst 71ce2f6e0081b0659fc0ac7ea7076e29a6a77df559cc264e21dae927189ea941
extra libdom 0.4.2-1.0 libdom-0.4.2-1.0-i686.pkg.tar.zst 3943bca0bb0a0f0c953afb8ac26ff400b6db6765edef9ada5fb67deeb458ec62
extra libdrm 2.4.134-1.0 libdrm-2.4.134-1.0-i686.pkg.tar.zst 024ffe2f9a44bfb3319c213d2e03372b0f950668a8db048be44c6ee9970f303a
core libedit 20210910_3.1-2.0 libedit-20210910_3.1-2.0-i686.pkg.tar.zst 30aa3edc712fdd227230061269fe493b88257e89891b8dc1d72031b5f1754396
core libelf 0.188-1.0 libelf-0.188-1.0-i686.pkg.tar.zst 6f8d366217b039e9f349b7baee83c51690a4f999db49388b0efb82e5826ba9a6
extra libepoxy 1.5.10-3.0 libepoxy-1.5.10-3.0-i686.pkg.tar.zst 17b3513bbb672fb39bd34d186b934717273148ec0b7b14db37245c214d8f1237
extra libevdev 1.13.7-1.0 libevdev-1.13.7-1.0-i686.pkg.tar.zst 69fd33934ed390f07b68d98692fd35bbfe0725ff30710f15fec967706c604d3e
core libevent 2.1.13-2.0 libevent-2.1.13-2.0-i686.pkg.tar.zst 918a545b4bf9ae51c2fbd62a9379d23f64b0b3424ab9da347a41e1dd5247da14
extra libfdk-aac 2.0.3-1.0 libfdk-aac-2.0.3-1.0-i686.pkg.tar.zst 367804137e406931a212d0365b97a2dbbaf9dc65b90e135eb7e2ca7b48af9576
core libffi 3.8.0-1.0 libffi-3.8.0-1.0-i686.pkg.tar.zst 7331ceb6fab87ffab74bbd7bc7dc4193608bc981003df4c81def3f7b1c95635c
extra libfreeaptx 0.2.2-1.0 libfreeaptx-0.2.2-1.0-i686.pkg.tar.zst e7344effc9cfe1f4f1ec563bf532beb66295a27b662a95685ac87ce33aad48c3
core libgcc 15.2.1+r604+g0b99615a8aef-1.1 libgcc-15.2.1+r604+g0b99615a8aef-1.1-i686.pkg.tar.zst 480a94a14a5548e908423629bd01302ac629f842a8258c4aa11f37087e4f9440
core libgcrypt 1.12.4-1.0 libgcrypt-1.12.4-1.0-i686.pkg.tar.zst ab30e5dd4540d15c38eda175d2e971afb8af14be88f1bf01c80ecbd1bd53ef93
extra libglvnd 1.7.0-3.0 libglvnd-1.7.0-3.0-i686.pkg.tar.zst 6548fa5c2fca069148305c8b88d43bb6a396ee8861eb52448080bea5a00188a2
core libgomp 15.2.1+r604+g0b99615a8aef-1.1 libgomp-15.2.1+r604+g0b99615a8aef-1.1-i686.pkg.tar.zst b164d584a4f286535bafdbbc1018a7088be1a0cd323eea19aa9ed74156eefefb
core libgpg-error 1.61-1.0 libgpg-error-1.61-1.0-i686.pkg.tar.zst 9e44876a9b130e2c8201d2e0c29bcbe50596a8820508b3758f4120f3b91df478
extra libgudev 237-2.0 libgudev-237-2.0-i686.pkg.tar.zst 5da1f08221c1ef3ac8eb8730a83ebce96d1caa2546a89f085dc891092b2f3671
extra libhubbub 0.3.8-1.0 libhubbub-0.3.8-1.0-i686.pkg.tar.zst 63b51addb8f19a6d47bc311dac4975cc96293398ef200b12c37b0f3699d75d40
extra libiconv 1.19-1.0 libiconv-1.19-1.0-i686.pkg.tar.zst e1b19bd795a514c582e3a5b786f2347d5cd6d242627b2962f971a64052b5e791
core libidn2 2.3.4-3.1 libidn2-2.3.4-3.1-i686.pkg.tar.zst 7a54a497d135cd56fe38c1acf5bce0e9a3e9feb20bd22ed322e1638c9bd9bba1
core libinih 62-2.0 libinih-62-2.0-i686.pkg.tar.zst fdfa67572d39a08056846a97f0becd9d3226fe55e9e5901625836ecc21882c68
extra libinput 1.32.0-1.0 libinput-1.32.0-1.0-i686.pkg.tar.zst c68cea8324d8873f026bee6d35eabf02bcebc53bdc9acd5df00f1c9a9ded7453
extra libjpeg-turbo 3.1.4.1-1.0 libjpeg-turbo-3.1.4.1-1.0-i686.pkg.tar.zst c01a69037a8149e56a8e8da72148b40729967385bed6d81fad47304227a22aee
core libksba 1.8.1-1.0 libksba-1.8.1-1.0-i686.pkg.tar.zst c82cb1c6d0e726e6cd9c8f444ce50b518c0e03c5a1320399ee10876c93a77c5c
extra liblc3 1.1.1-1.0 liblc3-1.1.1-1.0-i686.pkg.tar.zst d6fd8b6c02b86bce9920220c8f74b1a57f726d3d3cf3446925d0b29b662ad2a5
extra libldac 2.0.2.6-1.0 libldac-2.0.2.6-1.0-i686.pkg.tar.zst d0e08488b3e8a1daf8fc78b0767b00c0755b8863d26e278f33d41c6f4835daf7
core libldap 2.6.6-1.0 libldap-2.6.6-1.0-i686.pkg.tar.zst 2086c27af3682d4a589232a46f0b53d5f35cd98e7b5b0da22d5deeb97861c402
extra libmad 0.15.1b-10.0 libmad-0.15.1b-10.0-i686.pkg.tar.zst 1a7dffe137838189213f7e3463abd1c79ed72647d9641c83573ca506b0b24816
core libmakepkg-dropins 20-2.0 libmakepkg-dropins-20-2.0-any.pkg.tar.zst d31623db936b3bd6e15083bf752f863f6246f2aba19645d393798a7d14119020
extra libmaxminddb 1.14.1-1.0 libmaxminddb-1.14.1-1.0-i686.pkg.tar.zst ae6964fe1689ad52224463d1eabd8450e0414d6ca1a07f43a1730801369c09d2
extra libmikmod 3.3.14-1.0 libmikmod-3.3.14-1.0-i686.pkg.tar.zst adbdf0c9ce0ba7309d74025fed865cd876eb301ab8e41ab5195c6559c3fe2b7c
core libmnl 1.0.5-2.0 libmnl-1.0.5-2.0-i686.pkg.tar.zst 8e8087be5d2b61746f94c5d08db59f12a0a8ee77b05162a45cf644e5c6bee035
extra libmodplug 0.8.9.0-7.0 libmodplug-0.8.9.0-7.0-i686.pkg.tar.zst 4561f5b5cc10441e6a28dcc1e84af4d64c93e4ec4e62f12918503ca85406531f
extra libmpeg2 0.5.1-11.0 libmpeg2-0.5.1-11.0-i686.pkg.tar.zst 1dbe8c184fa39c6529607230bf92483ef38149def6cb193cbd5087900ec16e16
core libnftnl 1.3.1-1.0 libnftnl-1.3.1-1.0-i686.pkg.tar.zst 34e845199c394ae5eabbce45131261cad5abbe1a8c9e983c3ba4115b8ee98e81
core libnghttp2 1.70.0-1.0 libnghttp2-1.70.0-1.0-i686.pkg.tar.zst 3ad04bd1989936929d375cdbe38b815de57e1780caf4e5a15e7bf8e9cf5419a2
core libnghttp3 1.18.0-1.0 libnghttp3-1.18.0-1.0-i686.pkg.tar.zst 2db1ca7031dc68957b1e6d5e9d4f69d62e968833643519355b15924fc354a2a6
core libngtcp2 1.25.0-1.0 libngtcp2-1.25.0-1.0-i686.pkg.tar.zst 0eea0d5a418bcb377a5f8389bc425672cc7e871c906e1fcf23bdd6c80b3f2f9c
core libnl 3.12.0-1.0 libnl-3.12.0-1.0-i686.pkg.tar.zst 082a2eb1c5d9be065ce668aea868bd32f675a394948fe765cd5e9f1ea20f71dc
extra libnsbmp 0.1.7-1.0 libnsbmp-0.1.7-1.0-i686.pkg.tar.zst a3752a9b4b9bc93281c8912d233db64a2c3ddc35ebeeec66291a93759754fb0f
extra libnsgif 0.2.1-8.0 libnsgif-0.2.1-8.0-i686.pkg.tar.zst 6b012a1742a0abe005ee39beba59416b1f814237810f0b3f250e70124ccc85e4
extra libnsutils 0.1.1-1.0 libnsutils-0.1.1-1.0-i686.pkg.tar.zst 33c6c612db1ab576393aa7a05575456c3749241670cf4923fe8833265e256e8d
extra libogg 1.3.6-1.0 libogg-1.3.6-1.0-i686.pkg.tar.zst 3c5bcdf73caa756da8d24d5247a12b0ca563fe9fe87e384f0dc133922663a4c7
extra libomxil-bellagio 0.9.3-5.0 libomxil-bellagio-0.9.3-5.0-i686.pkg.tar.zst c74250634e7bbd40bc3fcbabef53d142c2330a7040d9bf7f6fc2c86bbc904a63
core libp11-kit 0.26.5-1.0 libp11-kit-0.26.5-1.0-i686.pkg.tar.zst 270054cfd2b2ea96291bc00632db226e7a3080e5baca7bb7ee9ae2a0df56fe2f
extra libparserutils 0.2.5-1.0 libparserutils-0.2.5-1.0-i686.pkg.tar.zst ab7a8440b0b0e4f1163653ecda8699378befb5977bbe9cbe6531b5a223677509
extra libpciaccess 0.19-1.0 libpciaccess-0.19-1.0-i686.pkg.tar.zst cafaef69ac95b87f93c32e93ad57e75d737496a2304a32ff5ba9d53ea58949fe
extra libpng 1.6.58-2.0 libpng-1.6.58-2.0-i686.pkg.tar.zst 6d3984c9e96c4a8eebc785bbe218b1b4add15934def443e71abe78d4b7ab3df1
extra libproxy 0.5.12-1.0 libproxy-0.5.12-1.0-i686.pkg.tar.zst bb415d20ea55cf32e3760f6a728ebb0c2610646c5254a7f550952420d104b868
core libpsl 0.21.2-1.0 libpsl-0.21.2-1.0-i686.pkg.tar.zst 75152f6c4a64833ed95ab809357ae2cd7a777722b5aa731d615f254a91623449
core libquadmath 15.2.1+r604+g0b99615a8aef-1.1 libquadmath-15.2.1+r604+g0b99615a8aef-1.1-i686.pkg.tar.zst dc60b63c3cb5bae4aa13a27463d6ee1033e89a2eed93c3308b903d9d216c7fdd
extra libresprite 1.2-2.0 libresprite-1.2-2.0-i686.pkg.tar.zst 6ec609ff7e3dcf89937c36e890e3549cc7b4dd6c293b0d0707bc5ea5307ad44a
extra librsvg 2:2.58.3-1.0 librsvg-2:2.58.3-1.0-i686.pkg.tar.zst 25c9b28f3fd30e43371e54fd9ab005c68d48f488f1c1563dff5433aea93918d1
extra libsamplerate 0.2.2-3.0 libsamplerate-0.2.2-3.0-i686.pkg.tar.zst 20b0d9a8da2448dee572d6af9c649115a8eaa736b7b9d042cd55ceaf9ccbc1d8
core libsasl 2.1.28-3.0 libsasl-2.1.28-3.0-i686.pkg.tar.zst b9c806c80a47181d8c4df28150adab6be72a02de963247deba4381ba863e5c84
core libseccomp 2.5.5-2.0 libseccomp-2.5.5-2.0-i686.pkg.tar.zst 60c0301af9a441f233b74ad7cd04cdac03fe23c7ab489c0622baa3c4de7c8a42
core libsecret 0.21.8.2-1.0 libsecret-0.21.8.2-1.0-i686.pkg.tar.zst 7405a6ede4dbea10e8dbf50a5fe2ca50b74705be05062be2eb7d06802f373e62
extra libslirp 4.9.5-1.0 libslirp-4.9.5-1.0-i686.pkg.tar.zst 2164c7f60e5f77de654a8f12edcd98293b72467622710878fa46e2d5c50ca192
extra libsndfile 1.2.0-1.0 libsndfile-1.2.0-1.0-i686.pkg.tar.zst c4b075c57914b8c7ae6c97204672bef8db73fe03e3489e7df7529411968a5c2e
extra libsoup3 3.2.2-1.0 libsoup3-3.2.2-1.0-i686.pkg.tar.zst e6a2e141ef5c0a8d1b85f7c76c1832266b20b984c21ad9c350178a86ff75ad44
core libssh2 1.11.1-7.0 libssh2-1.11.1-7.0-i686.pkg.tar.zst c48242879d2951516fd5088d415f83fec10553dd8c3d3e02d87ff399945b85c8
core libstdc++ 15.2.1+r604+g0b99615a8aef-1.1 libstdc++-15.2.1+r604+g0b99615a8aef-1.1-i686.pkg.tar.zst a53dabe5519d40980b9a092103e3187d7b4f916fae48bf8a3d8aef8a16609626
extra libstemmer 3.1.1-1.0 libstemmer-3.1.1-1.0-i686.pkg.tar.zst 362804bea6200ea47f40657a536e98de34cf7c038add46bb9ddec0b281f9fad2
extra libsysprof-capture 3.48.0-4.0 libsysprof-capture-3.48.0-4.0-i686.pkg.tar.zst c246d40d4e46333ff3855abcc7cef5dde6d08548b9df3680b17fa696374e75e4
core libtasn1 4.21.0-1.0 libtasn1-4.21.0-1.0-i686.pkg.tar.zst 7036d41c2dc3f9bc828530de0b1546e57620737e309ea9e55f1903e348c8af25
extra libthai 0.1.30-1.0 libthai-0.1.30-1.0-i686.pkg.tar.zst 611f39dd147f1346a2fc6ae95e23552516baed68cb5db4843646d7d9b935a73b
extra libtheora 1.1.1-6.0 libtheora-1.1.1-6.0-i686.pkg.tar.zst 84c63bcfc0042da968130b874135b17f37eb54d348f3d90063d3ee9c5bda9156
extra libtiff 4.5.0-1.1 libtiff-4.5.0-1.1-i686.pkg.tar.zst 4f109f47f051c2f24e755236041061e31c07d01ffb34ebdcfa7a63fad53b2ff8
core libtirpc 1.3.8-1.0 libtirpc-1.3.8-1.0-i686.pkg.tar.zst b90062506909066abbcd7f6b0f5b4f2046becdd333adc54967d05262d556ea92
core libunistring 1.4.2-1.0 libunistring-1.4.2-1.0-i686.pkg.tar.zst 7e05e0dfda37afbd0460c7e2571d87a2c95dd2ccec2e9b5c7346d4e6b2d03fb2
extra libunwind 1.8.1-3.2 libunwind-1.8.1-3.2-i686.pkg.tar.zst e6e252b4a87dcf4e86008d6695043b8ee7163a889f09d1d3b3dc0c30b558672e
extra liburcu 0.15.7-1.0 liburcu-0.15.7-1.0-i686.pkg.tar.zst 0e947f01f8e75b75ae99daaad8fd2af39d385b61915c10656bc61a9553228d20
core libusb 1.0.26-1.0 libusb-1.0.26-1.0-i686.pkg.tar.zst a644a40d618c6e9c4469a8152b0009274ff1b50b67decc4b371bab59d360f6cb
extra libutf8proc 2.8.0-1.0 libutf8proc-2.8.0-1.0-i686.pkg.tar.zst e22bc658daa73448789a5350b93aac850f452b45a1f36c3909f2cc5c006820a4
core libverto 0.3.2-6.0 libverto-0.3.2-6.0-i686.pkg.tar.zst ccb59d51515fab965b1c31edc5e719c3e57e139b33dcf5a2105a4f082df1ede2
extra libvorbis 1.3.7-4.0 libvorbis-1.3.7-4.0-i686.pkg.tar.zst 3c414579348342d7479308dccb044ab77fa995ef2cfa4a42e0113610d967321d
extra libwacom 2.20.0-1.0 libwacom-2.20.0-1.0-i686.pkg.tar.zst fe06dc4bc3c20b333a0252533c035c08b32bbd6980f25fdaa8e2403fdac97d19
extra libwapcaplet 0.4.3-3.0 libwapcaplet-0.4.3-3.0-i686.pkg.tar.zst 4e0cc5681f68a9a2f693e5827771062c01bfab0f4e7a0ae42a6599706589dbdc
extra libwebp 1.6.0-2.0 libwebp-1.6.0-2.0-i686.pkg.tar.zst f0795b15e02dccba32fe2c12d71b94e131b4bb917d6d80713720ecd8d9097854
extra libwireplumber 0.4.14-1.1 libwireplumber-0.4.14-1.1-i686.pkg.tar.zst 89a6bc57d43b0d0004f43f936a743af83cdf57130db5ac0945cf56dfc40091bd
extra libx11 1.8.13-1.0 libx11-1.8.13-1.0-i686.pkg.tar.zst 2156d890b71593389043e44c180ebe41bd521c33280884a8496832de9339b813
extra libxau 1.0.12-1.0 libxau-1.0.12-1.0-i686.pkg.tar.zst 05bf451b886a76fa0cededc3e96113741869973b70cf22fd33b185f157d0f334
extra libxcb 1.17.0-1.0 libxcb-1.17.0-1.0-i686.pkg.tar.zst a1b93a1a9e9ca39559b2886ffe158f15c7de4c1260019e4fb87950bff308c658
extra libxcomposite 0.4.7-1.0 libxcomposite-0.4.7-1.0-i686.pkg.tar.zst 00a43cbde67ac917228e803607dbdf5cd0f07bc62541d26147cdd0b444da86ca
core libxcrypt 4.5.2-1.0 libxcrypt-4.5.2-1.0-i686.pkg.tar.zst a93a4172aab2a365414a032084949578e6ea0d3d28c170c0ce44a0892e18004b
extra libxcursor 1.2.3-1.0 libxcursor-1.2.3-1.0-i686.pkg.tar.zst 07f39acc2ee30877acd25e66ab6afc2d7186f5d2dcfb73024a7991c5dcdc5a02
extra libxdamage 1.1.7-1.0 libxdamage-1.1.7-1.0-i686.pkg.tar.zst c77384eec6059034752d563e930f24a098baea9e40aa7eacf7c10d0e1ee0df34
extra libxdmcp 1.1.5-1.0 libxdmcp-1.1.5-1.0-i686.pkg.tar.zst 9f49aef587e68009c0663446aafcec514048c60420f9f0ae624270a7372f11cd
extra libxext 1.3.7-1.0 libxext-1.3.7-1.0-i686.pkg.tar.zst a258e2cfb9c815b27b28d21799e15765ce1f91537d4169846fd6d8aca5aa7e60
extra libxfixes 6.0.2-1.0 libxfixes-6.0.2-1.0-i686.pkg.tar.zst 43a35eb68359d2dceacf11c867f919f13fd9c78f5adfbb31c025e1e4c4c08c3d
extra libxft 2.3.9-1.0 libxft-2.3.9-1.0-i686.pkg.tar.zst d8c9c69da037457aa6f33b3a8c6c1c065bc987f26c6bf38f02e5d1fea29ca055
extra libxi 1.8.3-1.0 libxi-1.8.3-1.0-i686.pkg.tar.zst 8efe0c2bf92fec9ea943097e692c10b234df6b5d280bec27d2ad33ee7f6007bb
extra libxinerama 1.1.6-1.0 libxinerama-1.1.6-1.0-i686.pkg.tar.zst a4c1a030815a615f71e1a9f16a5651253316e7ec1c9445a86174edbc09ebd9bb
extra libxkbcommon 1.13.2-1.0 libxkbcommon-1.13.2-1.0-i686.pkg.tar.zst d18c5e1b5cd9d01a416187fd2d225bbe27d773d8e130751d180d8ff79e9958ba
core libxml2 2.15.1-4.0 libxml2-2.15.1-4.0-i686.pkg.tar.zst 9c00fdc9d77d96ba613930be6af9d15446be4ef8397b8afab07c5627138158d6
extra libxrandr 1.5.5-1.0 libxrandr-1.5.5-1.0-i686.pkg.tar.zst ae403e0eed391ac1a055db54e83fa80c1bdeedeffab52dcaa6a452fcc6812db2
extra libxrender 0.9.12-1.0 libxrender-0.9.12-1.0-i686.pkg.tar.zst 6b009104703bc639c4e7e514ba74814d969301fb73cbfb67033f2395637204e0
extra libxshmfence 1.3.3-1.0 libxshmfence-1.3.3-1.0-i686.pkg.tar.zst 09053e3eb02d0845d0e073e5a59177504ccc25898a08b80b38f501704b715ee1
extra libxtst 1.2.5-1.0 libxtst-1.2.5-1.0-i686.pkg.tar.zst 7743246b72c67391ab664aef9c2468334e5719908c3915fe659824d131d8dc1d
extra libxxf86vm 1.1.7-1.0 libxxf86vm-1.1.7-1.0-i686.pkg.tar.zst 68a84e45f80086e4332a3c8506cbf69959fd236be779f386d1faf42c063902b6
extra libyaml 0.2.5-3.0 libyaml-0.2.5-3.0-i686.pkg.tar.zst 6fe5f4ec51215a2c9832ad5fe83353c29f87298cb916f4042ef30d9274c2524e
extra lilv 0.24.24-1.0 lilv-0.24.24-1.0-i686.pkg.tar.zst af4f0f95a2a18d2c3b1ed0e1390fc82c7f8369a23dda99349277250ea433ee32
core linux-api-headers 7.2-1.0 linux-api-headers-7.2-1.0-i686.pkg.tar.zst 0bbf1806ee797f11802744f36b005307c964c3db9db01f03a682a82dc9ec3c1b
core linux-firmware-atheros 20260916-1.0 linux-firmware-atheros-20260916-1.0-any.pkg.tar.zst 747b6425b5127040eb472f0f4c8fd00bfbf00161ba5c3022ab9f9919b790d1b3
core linux-firmware-broadcom 20260916-1.0 linux-firmware-broadcom-20260916-1.0-any.pkg.tar.zst 6b2a37114baf9bdbf60d4e629beb94548feff96dff2bf535b57bfd2bf5ea6ecc
core linux-firmware-intel 20260916-1.0 linux-firmware-intel-20260916-1.0-any.pkg.tar.zst d8ce3c7368ef114d45a18befee8612471fd9924dc7c6ff7d463a719ddc2536fa
core linux-firmware-radeon 20260916-1.0 linux-firmware-radeon-20260916-1.0-any.pkg.tar.zst f5207708fe52d3f4488ebf0d3d280ce0103b816dafae8d08a8c8dde1e23026e7
core linux-firmware-realtek 20260916-1.0 linux-firmware-realtek-20260916-1.0-any.pkg.tar.zst 982e630874fe7f0fdabbee2bea883a0e60b70ee4ec45048398ab2ec721fb0cdd
core linux-firmware-whence 20260916-1.0 linux-firmware-whence-20260916-1.0-any.pkg.tar.zst 45c69d7f3734c670f4fc189b85acc49aabceeb084256a29867cbe02d72d52174
extra lm_sensors 1:3.6.2-1.0 lm_sensors-1:3.6.2-1.0-i686.pkg.tar.zst 877715f9043dfdeb38d2e792f919ba4adf7b4f7390cde827a4ac370865878f42
extra love 11.5-1.0 love-11.5-1.0-i686.pkg.tar.zst 80bf756d36ec83cbec1bb6bdcd6274debfcd2325b39c77c963b33b6145f33f86
extra lsd 1.1.5-1.0 lsd-1.1.5-1.0-i686.pkg.tar.zst d2e751f848e93889d9960b8d317cd6abdd5c19b1e48b362f14309831f5e567a6
extra lua 5.4.7-1.0 lua-5.4.7-1.0-i686.pkg.tar.zst 15d8208018dfefc0f1d3ffda4b809595f9ae5fa0dfdb3fbd07515d49faca8701
extra lua54 5.4.9-1.0 lua54-5.4.9-1.0-i686.pkg.tar.zst 23389fbdbaff5ad1f1b511e1125beecab3ae740c8cf5b1f3210fa055f903b56b
extra luajit 2.1.1753364724-1.0 luajit-2.1.1753364724-1.0-i686.pkg.tar.zst f9cf40cf0812680d55a6df5c567725b7a0823c45d128b5853b7730731af49478
extra lv2 1.18.10-2.0 lv2-1.18.10-2.0-i686.pkg.tar.zst abb42326870ad90d7daa8977fed06b67b22bf6f05a9540bf1c0d75ed08ffc9ad
core lz4 1:1.10.0-2.0 lz4-1:1.10.0-2.0-i686.pkg.tar.zst 1966d636e3c07845e57587a0e44d8b49a24ee3ef289557005c502848c863a683
core lzo 2.10-5.1 lzo-2.10-5.1-i686.pkg.tar.zst 3fc2096a8e38544eafeb5a8282f13387184c4af624efc2b7f79113fd376d8955
core man-pages 6.19-1.0 man-pages-6.19-1.0-any.pkg.tar.zst 1b5b4e00dab048c0ebbeb86c78dd1b0d25380da7c1143f2d18b2835e50fc6f28
extra mandoc 1.14.6-5.0 mandoc-1.14.6-5.0-i686.pkg.tar.zst ecf87687e467340ae4fa69c37f44a93c6aacae9458c6a312badbf7aa995a2349
extra mc 4.8.33-1.0 mc-4.8.33-1.0-i686.pkg.tar.zst 56977eae2abd8c2814164636ca63ac1591b559f54327192613a571ba9f38f647
extra mesa 1:24.0.4-2.0 mesa-1:24.0.4-2.0-i686.pkg.tar.zst b751c48b446e501fcda9195954aa7a61c4f6648fc51a978fb57e75b86806dcf9
core mpfr 4.2.2-1.0 mpfr-4.2.2-1.0-i686.pkg.tar.zst bfe0ca7e0248456c1e73c75f0cc1b07238877721e312d478ce70633ae9cf2fd1
extra mpg123 1.33.4-1.0 mpg123-1.33.4-1.0-i686.pkg.tar.zst 274e47db46f51170fea98b4aa9b734fc74656b43d35d6341d9121f6f2d9327d5
extra mtdev 1.1.7-1.0 mtdev-1.1.7-1.0-i686.pkg.tar.zst eba3deb7207ff77d1578d72a04eee1d3805f216f4848463230d6301fbc4ea392
extra mtools 1:4.0.49-1.0 mtools-1:4.0.49-1.0-i686.pkg.tar.zst 44eb93db849f79a786036250a0ff1c28e4a2ec6d07a1831e3d30507c2c2e329c
extra mtpaint 3.50.11-1.0 mtpaint-3.50.11-1.0-i686.pkg.tar.zst f167594a8cc00bfa8268c6b1366a25a752303495928c5f7066ce5d338f3336b2
extra mtr 0.95-3.0 mtr-0.95-3.0-i686.pkg.tar.zst 6444451e02fcf447fe0f5f9b7f88e44dcb23fc5db7456e2cf393c65660aa78e5
extra nasm 3.01-1.0 nasm-3.01-1.0-i686.pkg.tar.zst 683ff8bd716953541cc09d3082ab07ae6cb6baf9773907dff7bf643d761f0a04
extra ncdu 1.16-2.0 ncdu-1.16-2.0-i686.pkg.tar.zst 23eca039779dd6e2f9c57e2439bd774e335e088a876f869edefa983e1dfc7456
core ncurses 6.4_20230520-3.0 ncurses-6.4_20230520-3.0-i686.pkg.tar.zst 1686625a67555a8d97ade9adfcf8eb59eeeba73cddd4143a3c1562d97f073965
extra nethack 5.0.0-1.0 nethack-5.0.0-1.0-i686.pkg.tar.zst 27cc1a864db4d236dc17bdd8db5170a4a7acd7c4a8ddbe19035f802c3ca6fea9
extra netsurf 3.10-7.2 netsurf-3.10-7.2-i686.pkg.tar.zst 75e002a71f2e0fb56042d3ea28594543296cb33f32ed2aeff5430704aa8ba804
core nettle 4.0-1.0 nettle-4.0-1.0-i686.pkg.tar.zst b8594314b325679439285517b6602ae007f704a736782a6547c90a8ab561daea
extra nftables 1:1.1.3-1.0 nftables-1:1.1.3-1.0-i686.pkg.tar.zst a4f8001d9acda346fb3e492ea6c8a231880ed160a1ee0298e676850253918772
core npth 1.8-1.0 npth-1.8-1.0-i686.pkg.tar.zst 17888763d1526136f7f38a988d6612e8d803976b7de53415198c32f72612468c
extra ntfs-3g 2022.10.3-2.0 ntfs-3g-2022.10.3-2.0-i686.pkg.tar.zst dbb9d23806918b7539d6737cdfbc0bc6554181c68c7af3209913b690ec1f15b4
extra openal 1.21.1-3.0 openal-1.21.1-3.0-i686.pkg.tar.zst 535a0eef0a379bee234f795ba6ed2281e9753f0e0ee9a012757b0c2e9343cb33
extra opendoas 6.8.2-3.0 opendoas-6.8.2-3.0-i686.pkg.tar.zst 5ae12885761d7fe4fe1aa733d31bb1d4d5d1e135fdb48f629c41dd565c5d1c49
extra openjpeg2 2.5.4-1.0 openjpeg2-2.5.4-1.0-i686.pkg.tar.zst 86664b0a8ac0404b5962a56b7aa1e4c0bf32d23902e0a4503b362c840204f138
core openssl 3.6.4-1.0 openssl-3.6.4-1.0-i686.pkg.tar.zst ec521a9850d063407677fa14dbcca4fce45c83afbfb30c75b227b66374dbd6da
extra opus 1.6.1-1.0 opus-1.6.1-1.0-i686.pkg.tar.zst 023d09f16bf3fdd97f4dcb156968ace549934f95af0c58f3b66fbdeb0ced7caf
core p11-kit 0.26.5-1.0 p11-kit-0.26.5-1.0-i686.pkg.tar.zst 7bd44e8abab7c44709bc6e5a29b9ba606cd2b496f7c4423e2616ae431d48b42e
core pacman 7.1.0.r9.g54d9411-1.6 pacman-7.1.0.r9.g54d9411-1.6-i686.pkg.tar.zst 05e7a96657a50b4c71b6c83ca1452353ec056bee7d4750bd794c4343f74fc4d8
core pacman-mirrorlist 20260322-1.2 pacman-mirrorlist-20260322-1.2-any.pkg.tar.zst ec010f31fd54b125b86660b5cb652219b87820edc315cc1e949295d674e16ea8
core pam 1.5.2-1.0 pam-1.5.2-1.0-i686.pkg.tar.zst a550a967ce82842d6c6a152bf7b98e725dc50a9ea95603c1e6588814e5a57433
core pambase 20260616-1.0 pambase-20260616-1.0-any.pkg.tar.zst 205331437cc8f904b68e335dc089f858b50e074636d1f43bcfb76aa300183c94
extra pango 1:1.58.2-1.0 pango-1:1.58.2-1.0-i686.pkg.tar.zst c9a1ddbf403f40e532242629305f64b103243cd6a969083a56a97278847baaa0
core pciutils 3.15.0-1.0 pciutils-3.15.0-1.0-i686.pkg.tar.zst e483c60b43f1ab22bc1bbd934cf219be77c308e0524767a57ca9ab17d23ae970
core pcre 8.45-5.0 pcre-8.45-5.0-i686.pkg.tar.zst 009a480995445e4278a6d729321707167a10e2c4a6f15490cb126c0f5f55202f
core pcre2 10.48-1.0 pcre2-10.48-1.0-i686.pkg.tar.zst ed446e35f38ed1181c9c13faf77921cd4d03d0dc90cfa9b4ee3b43648f8a2196
core pinentry 1.3.1-5.5 pinentry-1.3.1-5.5-i686.pkg.tar.zst d7b935eecc1ed95e01c420d50d09275129647b75819382237717bd2823944e0e
extra pipewire 1:0.3.65-6.0 pipewire-1:0.3.65-6.0-i686.pkg.tar.zst 3a950540456be00dc2f4220ea644542d413f11b9a2391cdbbeca6172dffdf20a
extra pipewire-alsa 1:0.3.65-6.0 pipewire-alsa-1:0.3.65-6.0-i686.pkg.tar.zst a109de72f06f3f148adb41dc982e38e0d067cb2ffd421e608947e6408184a3df
extra pipewire-audio 1:0.3.65-6.0 pipewire-audio-1:0.3.65-6.0-i686.pkg.tar.zst c071dfa0abe4f49e7c26d1a837ad72f79825677e416c2d9a2197a58b2ca2d1ea
extra pixman 0.46.4-1.0 pixman-0.46.4-1.0-i686.pkg.tar.zst 65f377ef24028435b9b15b2a26cb28782bfe728904355fb2d0b11cb07b8e8ef4
core pkgconf 2.5.1-1.3 pkgconf-2.5.1-1.3-i686.pkg.tar.zst ee79dddfc2eb33c2a7983a6acf0017a3639dba7330aab4b6ab8f42114f8beaee
core popt 1.19-2.0 popt-1.19-2.0-i686.pkg.tar.zst d01d870c08eadc57e44ad9ca6e9aa58b5a6af36170bbca64b24f010df8e582e7
core procps-ng 4.0.6-1.1 procps-ng-4.0.6-1.1-i686.pkg.tar.zst 9bd8573e783d1b2b1d865e892b80d1df6be3b40d62090095b4bcb1bfe9534105
core psmisc 23.7-2.0 psmisc-23.7-2.0-i686.pkg.tar.zst 286dac7d31697fbfbe77e03373dba6aebc3c180421256174d31f85ad02986c7b
core readline 8.3.003-1.0 readline-8.3.003-1.0-i686.pkg.tar.zst 7a8d51cf4b31230ae54272cac315ebb51071d74beb561e397fd0d80be9b730a9
extra ripgrep 14.1.1-1.0 ripgrep-14.1.1-1.0-i686.pkg.tar.zst e64988ab134da25829539035f0f09269315126fe05055043be4285d61adf2c9f
extra rsync 3.2.7-3.0 rsync-3.2.7-3.0-i686.pkg.tar.zst d1e0a50f65066a3f120cd5037c23838ca847798e9b3b576573abddb9276759fc
extra sbc 2.2-1.0 sbc-2.2-1.0-i686.pkg.tar.zst 7ad890665dc82afb72f4f90c2722aead4e7f23df08c66a3a3f30193d6941e499
extra seatd 0.9.3-1.0 seatd-0.9.3-1.0-i686.pkg.tar.zst f499c0e5da0b7dbd872de04f0ed2251b73001b5132008ff9b20eff60953a2eeb
core sed 4.10-2.0 sed-4.10-2.0-i686.pkg.tar.zst 0ad25ab39a9a181fb77b79dfd7948dfad33dcd53c1deb7b90c8950e933cbc68e
extra serd 0.32.10-1.0 serd-0.32.10-1.0-i686.pkg.tar.zst 347203ab89f2dca047368f1e4a81ec38d1470ac152e37bffa6971d4682d7f7d3
core shadow 4.18.0-1.3 shadow-4.18.0-1.3-i686.pkg.tar.zst 42af552e6921f07d74bd3eb006d08fded56e943f364a438dd2a1d68622df00bc
extra shared-mime-info 2.5.1-2.0 shared-mime-info-2.5.1-2.0-i686.pkg.tar.zst d035aabfab8c9d5e5789d981e2ef0c3d2d2706f4a613a94eeca18816d31539c3
extra sl 5.05-6.0 sl-5.05-6.0-i686.pkg.tar.zst 93e2058d94193f422d7fac62a51dddd4151904d07f53f294db60f7e812358f8b
extra slang 2.3.3-4.0 slang-2.3.3-4.0-i686.pkg.tar.zst 57e3778d13f66fa7b6c2cab691712133770bea13a0c58166cbe92cc0e201d041
extra sord 0.16.22-1.0 sord-0.16.22-1.0-i686.pkg.tar.zst 02031f2e4342d0faaafd6e78b55860237c3a4d9ecd4f64ea8e1f0ceacee891b4
core sqlite 3.53.4-1.0 sqlite-3.53.4-1.0-i686.pkg.tar.zst ab0e35e3e6a92470bc053262254f3e901044c409b4f4d4e416fea6200237cbd1
extra sratom 0.6.22-1.0 sratom-0.6.22-1.0-i686.pkg.tar.zst 012a69d785b565aaafd1e5f7c15224e2ee4bddffe4802f25e1864024545327da
extra strace 6.10-1.0 strace-6.10-1.0-i686.pkg.tar.zst 69bfd3a2255f52a0bd184e0afd7cd648f71fab3d69a7ba22ec2e115c1fbe3976
extra syncthing 2.1.5-1.0 syncthing-2.1.5-1.0-i686.pkg.tar.zst da2c62e4db7602648d5c21d8d500e36a31415f6d342eca7594bdfbf291bab0e2
core systemd 259.5-1.0 systemd-259.5-1.0-i686.pkg.tar.zst 539ad25b9a576cd109fdd7ae8bde3c16e3e504eb05b257c62ab09f48b1dbb5d4
core systemd-libs 259.5-1.0 systemd-libs-259.5-1.0-i686.pkg.tar.zst 40b326ac59554ae195ba9a433418147cf1906c2e64284ef625c5edb7379b82e0
core tar 1.35-5.0 tar-1.35-5.0-i686.pkg.tar.zst f9ea19070234b5a4aa3c30c745c51c8ceda10f8859b9cc228d2cd0826aeeaf9f
extra tcc 0.9.27.r1337.gb39cbc70-1.0 tcc-0.9.27.r1337.gb39cbc70-1.0-i686.pkg.tar.zst c47512fba185f4bfe09730dc6886b8902d1889f626f9d5f5469ba5ac146ad1c2
extra terminus-font 4.49.1-8.0 terminus-font-4.49.1-8.0-any.pkg.tar.zst 41b883ca8a50b08c5d8c7c7d28f7a920cb33d55c649ad9d409319528865774a4
extra the_silver_searcher 2.2.0-3.0 the_silver_searcher-2.2.0-3.0-i686.pkg.tar.zst c461ce2a5069bc3f6d6658cc05498200ce5edcdf3b741f2f6a1d98237b72390a
extra tig 2.5.10-1.0 tig-2.5.10-1.0-i686.pkg.tar.zst b58998c3ae923f1b341e0ec213e6512a85d2cb80bdf993c6feced0c86b70f983
extra tinycompress 1.2.8-1.1 tinycompress-1.2.8-1.1-i686.pkg.tar.zst 49c0d89ea5c74c6a0aefa2775a295072677648df050a8e5e398cb24c275b0020
extra tinyionice 1.0.4-2.0 tinyionice-1.0.4-2.0-i686.pkg.tar.zst 6fa244c789d68dd6a84ba62fbe5b9c5d39e16133d7f1a70a3b804a687e819df9
extra tinysparql 3.11.1-1.0 tinysparql-3.11.1-1.0-i686.pkg.tar.zst 5310a4171209b326c695cb2d87b6dc186003988fd3066d135e53e35835ed0dc0
extra tinyxml2 11.0.0-1.0 tinyxml2-11.0.0-1.0-i686.pkg.tar.zst 8f49eb72cb6694c5687b96361c01be220d1c370e154a2fb3a812177e59af5b97
extra tinyxxd 1.3.16-1.0 tinyxxd-1.3.16-1.0-i686.pkg.tar.zst 0bc3f91c1a38a64ef871fcc40b4efcf8903d0271fb12b8b4c4966de58e30c6ff
core tpm2-tss 3.2.0-3.1 tpm2-tss-3.2.0-3.1-i686.pkg.tar.zst 1583422bb4f9fab49161e3ab1f8bf094d17c61571867abe1569b3655f8c8c8fc
extra ttf-dejavu 2.37+18+g9b5d1b2f-7.0 ttf-dejavu-2.37+18+g9b5d1b2f-7.0-any.pkg.tar.zst fe12f820977757d35f978cc58c80cc9ccca721fbaf20737d18e60b8b1761b49b
extra ttf-jetbrains-mono 2.304-2.0 ttf-jetbrains-mono-2.304-2.0-any.pkg.tar.zst 54c9073697a4d992b4d9f0bf78d0636411f97b7f8a28293a4ea9a83f905aad38
extra tty-solitaire 1.4.1-1.0 tty-solitaire-1.4.1-1.0-i686.pkg.tar.zst 3cc0d08c7248e998b9e3db48f02e154153796e8348e0f6dcc6532aff2b16a33c
core tzdata 2026d-1.0 tzdata-2026d-1.0-i686.pkg.tar.zst d25a458eee4a4a1bcdffd881e2e79acca9e4173347572e50ef5644787aacaa9b
extra unarj 2.65-2.0 unarj-2.65-2.0-i686.pkg.tar.zst 96e33a9f2d4d85f0887327fd00e586e7883b1086beac79d997d677f657c77272
extra unrar 1:7.3.1-1.0 unrar-1:7.3.1-1.0-i686.pkg.tar.zst 6196d6dbb5d862f2b9f718103cf569c94fcd19732d1a6eafd0f97ba273df85b3
extra unzip 6.0-23.0 unzip-6.0-23.0-i686.pkg.tar.zst 7f4aac47396a9ad59870e0e0ebd82121d4615f6419ca8f62a05f569148aa22d2
core util-linux 2.41.3-2.3 util-linux-2.41.3-2.3-i686.pkg.tar.zst 194dd93b9d4461b994e818189809bc7a3b1c3c0c9f5734e65164f59b571afba0
core util-linux-libs 2.41.3-2.3 util-linux-libs-2.41.3-2.3-i686.pkg.tar.zst 86f568813a382757786a51aeb37baa25790c87d1031701ece07f7379c53f7eaa
extra wayland 1.26.0-1.0 wayland-1.26.0-1.0-i686.pkg.tar.zst 9c818f117dc319475d85522ae121d82dc6611368d465fc0b4c054771eb9b18b9
extra webrtc-audio-processing 0.3.1-4.0 webrtc-audio-processing-0.3.1-4.0-i686.pkg.tar.zst c0915549c83636378bc3ad61cd2fdcc7f87bad8a58d643a1d635ab1410fc3e03
core which 2.25-1.0 which-2.25-1.0-i686.pkg.tar.zst ca456224f39197c2d6194eeb295d48743698b3a3cbc0edf03c223b00c14385f7
extra wireplumber 0.4.14-1.1 wireplumber-0.4.14-1.1-i686.pkg.tar.zst 08c315c691d2f7bdae81fbb82afc7c8606c40687f1805758813f64115598cc45
extra xcursor-vanilla-dmz 0.4.5.3-1.0 xcursor-vanilla-dmz-0.4.5.3-1.0-any.pkg.tar.zst 1945b8d0f616e932a16af5af6f9d6dfb7739d3231dc0c939c620a2c3b4370a58
core xfsprogs 7.1.1-1.0 xfsprogs-7.1.1-1.0-i686.pkg.tar.zst 0fd132882620c288b8d1d57003e14d8d4f5cc3f76226a78c1f73998b23919407
extra xkeyboard-config 2.48-1.0 xkeyboard-config-2.48-1.0-any.pkg.tar.zst bfc6629670a1387e60a319a25119474eb4df7bcdb84983095601906b6ac10797
extra xorg-xprop 1.2.8-1.0 xorg-xprop-1.2.8-1.0-i686.pkg.tar.zst 3abdb9d066b5b6d732a4dbf212b03929ff3f79900ec683c8c8ef0e817679248e
extra xxhash 0.8.4-1.0 xxhash-0.8.4-1.0-i686.pkg.tar.zst 7c7a8e14a31b6b5822846d04c79683a8d831e5f21380864892d4a0ba15011250
core xz 5.8.4-1.0 xz-5.8.4-1.0-i686.pkg.tar.zst 7f6516c0d9a228b23198330ba34a7bb7c30227e9c20133bb9d7e4583a5d9a176
extra yyjson 0.13.0-1.0 yyjson-0.13.0-1.0-i686.pkg.tar.zst 080c7edcff188e3c915bf6e2cdfa3f3a83661c50eba4d0ed8644d26d1944ab56
extra zip 3.0-14.0 zip-3.0-14.0-i686.pkg.tar.zst 1a8202418abf08ebc83438966c4da541c75f7420f66e04ef503e800fb2831e91
extra zix 0.8.2-1.0 zix-0.8.2-1.0-i686.pkg.tar.zst 20b3b3ecff47cb3743324af80a843a2ab0266fd243ce416abdf8277956a98f09
core zlib 1:1.3.2-3.0 zlib-1:1.3.2-3.0-i686.pkg.tar.zst ddec6878082a45ecf5f88f43e961d73089c8ae525a1aa5612b1c90b89daa62a2
extra zlib-ng 2.3.3-1.0 zlib-ng-2.3.3-1.0-i686.pkg.tar.zst f683b290a1fe39277699fd42c7dada7c52b807eb70735e045b46a38fee1fe081
core zstd 1.5.7-3.0 zstd-1.5.7-3.0-i686.pkg.tar.zst 0047023c1275a2539631b57255db5f10d53236a3e9ce18a7d6fc3876d89a7d3c
